{
  "pins" : [
    {
      "identity" : "anchorage",
      "kind" : "remoteSourceControl",
      "location" : "https://github.com/setixela/Anchorage.git",
      "state" : {
        "branch" : "main",
        "revision" : "e834415c765fcd9d2189f64fe906b7de5e026415"
      }
    },
    {
      "identity" : "promisekit",
      "kind" : "remoteSourceControl",
      "location" : "https://github.com/mxcl/PromiseKit",
      "state" : {
        "revision" : "ed3192004c0b00b4b3d7baa9578ee655c66faae3",
        "version" : "6.18.0"
      }
    },
    {
      "identity" : "reactiveworks",
      "kind" : "remoteSourceControl",
      "location" : "https://github.com/setixela/ReactiveWorks.git",
      "state" : {
        "branch" : "master",
        "revision" : "fc1e9bb0e1011ffdaa5aec809d17ceed05176321"
      }
    },
    {
      "identity" : "realm-core",
      "kind" : "remoteSourceControl",
      "location" : "https://github.com/realm/realm-core",
      "state" : {
        "revision" : "ab2b4947cd559746c775a3024972c5a9a09c47ba",
        "version" : "12.4.0"
      }
    },
    {
      "identity" : "realm-swift",
      "kind" : "remoteSourceControl",
      "location" : "https://github.com/realm/realm-swift",
      "state" : {
        "branch" : "master",
        "revision" : "c7c2f5f37379250855c9232ae9a5fdcdf5fa5658"
      }
    },
    {
      "identity" : "swiftkeychainwrapper",
      "kind" : "remoteSourceControl",
      "location" : "https://github.com/jrendel/SwiftKeychainWrapper",
      "state" : {
        "revision" : "185a3165346a03767101c4f62e9a545a0fe0530f",
        "version" : "4.0.1"
      }
    }
  ],
  "version" : 2
}
