{
  "pins" : [
    {
      "identity" : "alamofire",
      "kind" : "remoteSourceControl",
      "location" : "https://github.com/Alamofire/Alamofire.git",
      "state" : {
        "revision" : "8dd85aee02e39dd280c75eef88ffdb86eed4b07b",
        "version" : "5.6.2"
      }
    },
    {
      "identity" : "alamofireimage",
      "kind" : "remoteSourceControl",
      "location" : "https://github.com/Alamofire/AlamofireImage.git",
      "state" : {
        "revision" : "98cbb00ce0ec5fc8e52a5b50a6bfc08d3e5aee10",
        "version" : "4.2.0"
      }
    },
    {
      "identity" : "anchorage",
      "kind" : "remoteSourceControl",
      "location" : "https://github.com/setixela/Anchorage.git",
      "state" : {
        "branch" : "main",
        "revision" : "932c31229aa680ab101bab81897173319bd5ce7e"
      }
    },
    {
      "identity" : "promisekit",
      "kind" : "remoteSourceControl",
      "location" : "https://github.com/mxcl/PromiseKit",
      "state" : {
        "revision" : "ed3192004c0b00b4b3d7baa9578ee655c66faae3",
        "version" : "6.18.0"
      }
    },
    {
      "identity" : "reactiveworks",
      "kind" : "remoteSourceControl",
      "location" : "https://github.com/setixela/ReactiveWorks.git",
      "state" : {
        "branch" : "master",
        "revision" : "30ff14058380b2ccd7143c05402a146a7a0c53ee"
      }
    },
    {
      "identity" : "realm-core",
      "kind" : "remoteSourceControl",
      "location" : "https://github.com/realm/realm-core",
      "state" : {
        "revision" : "2b8def17bb8e0cddbcc754db6b6466b8487feebf",
        "version" : "12.5.0"
      }
    },
    {
      "identity" : "realm-swift",
      "kind" : "remoteSourceControl",
      "location" : "https://github.com/realm/realm-swift",
      "state" : {
        "branch" : "master",
        "revision" : "d949715c09767dbe1b9924a2d187624811fc5cd9"
      }
    },
    {
      "identity" : "swift-css-parser",
      "kind" : "remoteSourceControl",
      "location" : "https://github.com/stackotter/swift-css-parser.git",
      "state" : {
        "branch" : "main",
        "revision" : "e776e4bd5031a0485accd06d2b8478df9e4ccdce"
      }
    },
    {
      "identity" : "swiftkeychainwrapper",
      "kind" : "remoteSourceControl",
      "location" : "https://github.com/jrendel/SwiftKeychainWrapper",
      "state" : {
        "revision" : "185a3165346a03767101c4f62e9a545a0fe0530f",
        "version" : "4.0.1"
      }
    }
  ],
  "version" : 2
}
