// !$*UTF8*$!
{
	archiveVersion = 1;
	classes = {
	};
	objectVersion = 55;
	objects = {

/* Begin PBXBuildFile section */
		190C1D12285D15FF00FB3518 /* AppDelegate.swift in Sources */ = {isa = PBXBuildFile; fileRef = 190C1D11285D15FF00FB3518 /* AppDelegate.swift */; };
		190C1D14285D15FF00FB3518 /* SceneDelegate.swift in Sources */ = {isa = PBXBuildFile; fileRef = 190C1D13285D15FF00FB3518 /* SceneDelegate.swift */; };
		190C1D16285D15FF00FB3518 /* ViewController.swift in Sources */ = {isa = PBXBuildFile; fileRef = 190C1D15285D15FF00FB3518 /* ViewController.swift */; };
		190C1D1B285D160000FB3518 /* Assets.xcassets in Resources */ = {isa = PBXBuildFile; fileRef = 190C1D1A285D160000FB3518 /* Assets.xcassets */; };
		190C1D1E285D160000FB3518 /* LaunchScreen.storyboard in Resources */ = {isa = PBXBuildFile; fileRef = 190C1D1C285D160000FB3518 /* LaunchScreen.storyboard */; };
		190C1D29285D160000FB3518 /* TeamForceTests.swift in Sources */ = {isa = PBXBuildFile; fileRef = 190C1D28285D160000FB3518 /* TeamForceTests.swift */; };
		19C1E97C285E7BC300E7976D /* Communicable.swift in Sources */ = {isa = PBXBuildFile; fileRef = 19C1E97B285E7BC300E7976D /* Communicable.swift */; };
		19C1E97F285E7C1200E7976D /* InitProtocol.swift in Sources */ = {isa = PBXBuildFile; fileRef = 19C1E97E285E7C1200E7976D /* InitProtocol.swift */; };
		19C1E981285E7C5500E7976D /* Lambda.swift in Sources */ = {isa = PBXBuildFile; fileRef = 19C1E980285E7C5500E7976D /* Lambda.swift */; };
		19C1E98C285F426B00E7976D /* EndpointProtocol.swift in Sources */ = {isa = PBXBuildFile; fileRef = 19C1E985285F426B00E7976D /* EndpointProtocol.swift */; };
		19C1E98E285F426B00E7976D /* ApiEngineProtocol.swift in Sources */ = {isa = PBXBuildFile; fileRef = 19C1E987285F426B00E7976D /* ApiEngineProtocol.swift */; };
		19C1E98F285F426B00E7976D /* TeamForceApi.swift in Sources */ = {isa = PBXBuildFile; fileRef = 19C1E988285F426B00E7976D /* TeamForceApi.swift */; };
		19C1E990285F426B00E7976D /* TeamForceEndpoints.swift in Sources */ = {isa = PBXBuildFile; fileRef = 19C1E98A285F426B00E7976D /* TeamForceEndpoints.swift */; };
		19C1E991285F426B00E7976D /* ApiEngine.swift in Sources */ = {isa = PBXBuildFile; fileRef = 19C1E98B285F426B00E7976D /* ApiEngine.swift */; };
		19C1E9942860F05F00E7976D /* PromiseKit in Frameworks */ = {isa = PBXBuildFile; productRef = 19C1E9932860F05F00E7976D /* PromiseKit */; };
		19C1E99C28610E2800E7976D /* Model.swift in Sources */ = {isa = PBXBuildFile; fileRef = 19C1E99628610E2800E7976D /* Model.swift */; };
		19C1E99D28610E2800E7976D /* RouterProtocol.swift in Sources */ = {isa = PBXBuildFile; fileRef = 19C1E99728610E2800E7976D /* RouterProtocol.swift */; };
		19C1E99E28610E2800E7976D /* BaseVCModel.swift in Sources */ = {isa = PBXBuildFile; fileRef = 19C1E99828610E2800E7976D /* BaseVCModel.swift */; };
		19C1E99F28610E2800E7976D /* SceneModelProtocol.swift in Sources */ = {isa = PBXBuildFile; fileRef = 19C1E99928610E2800E7976D /* SceneModelProtocol.swift */; };
		19C1E9A028610E2800E7976D /* ViewModel.swift in Sources */ = {isa = PBXBuildFile; fileRef = 19C1E99A28610E2800E7976D /* ViewModel.swift */; };
		19C1E9A128610E2800E7976D /* AssetProtocol.swift in Sources */ = {isa = PBXBuildFile; fileRef = 19C1E99B28610E2800E7976D /* AssetProtocol.swift */; };
		19C1E9A328610E4E00E7976D /* Router.swift in Sources */ = {isa = PBXBuildFile; fileRef = 19C1E9A228610E4E00E7976D /* Router.swift */; };
		19C1E9A628610EC600E7976D /* DefaultVCModel.swift in Sources */ = {isa = PBXBuildFile; fileRef = 19C1E9A528610EC600E7976D /* DefaultVCModel.swift */; };
		19C1E9AB2861167E00E7976D /* Anchors.swift in Sources */ = {isa = PBXBuildFile; fileRef = 19C1E9A82861167E00E7976D /* Anchors.swift */; };
		19C1E9AC2861167E00E7976D /* SimpleAnchors.swift in Sources */ = {isa = PBXBuildFile; fileRef = 19C1E9A92861167E00E7976D /* SimpleAnchors.swift */; };
		19C1E9AD2861167E00E7976D /* ComplexAnchors.swift in Sources */ = {isa = PBXBuildFile; fileRef = 19C1E9AA2861167E00E7976D /* ComplexAnchors.swift */; };
		19ECD54128623D1F001765F6 /* LabelModel.swift in Sources */ = {isa = PBXBuildFile; fileRef = 19ECD54028623D1F001765F6 /* LabelModel.swift */; };
		19ECD54328623D30001765F6 /* StackModel.swift in Sources */ = {isa = PBXBuildFile; fileRef = 19ECD54228623D30001765F6 /* StackModel.swift */; };
		19ECD54828623D9C001765F6 /* PaddingLabel.swift in Sources */ = {isa = PBXBuildFile; fileRef = 19ECD54728623D9C001765F6 /* PaddingLabel.swift */; };
/* End PBXBuildFile section */

/* Begin PBXContainerItemProxy section */
		190C1D25285D160000FB3518 /* PBXContainerItemProxy */ = {
			isa = PBXContainerItemProxy;
			containerPortal = 190C1D06285D15FF00FB3518 /* Project object */;
			proxyType = 1;
			remoteGlobalIDString = 190C1D0D285D15FF00FB3518;
			remoteInfo = TeamForce;
		};
/* End PBXContainerItemProxy section */

/* Begin PBXFileReference section */
		190C1D0E285D15FF00FB3518 /* TeamForce.app */ = {isa = PBXFileReference; explicitFileType = wrapper.application; includeInIndex = 0; path = TeamForce.app; sourceTree = BUILT_PRODUCTS_DIR; };
		190C1D11285D15FF00FB3518 /* AppDelegate.swift */ = {isa = PBXFileReference; lastKnownFileType = sourcecode.swift; path = AppDelegate.swift; sourceTree = "<group>"; };
		190C1D13285D15FF00FB3518 /* SceneDelegate.swift */ = {isa = PBXFileReference; lastKnownFileType = sourcecode.swift; path = SceneDelegate.swift; sourceTree = "<group>"; };
		190C1D15285D15FF00FB3518 /* ViewController.swift */ = {isa = PBXFileReference; lastKnownFileType = sourcecode.swift; path = ViewController.swift; sourceTree = "<group>"; };
		190C1D1A285D160000FB3518 /* Assets.xcassets */ = {isa = PBXFileReference; lastKnownFileType = folder.assetcatalog; path = Assets.xcassets; sourceTree = "<group>"; };
		190C1D1D285D160000FB3518 /* Base */ = {isa = PBXFileReference; lastKnownFileType = file.storyboard; name = Base; path = Base.lproj/LaunchScreen.storyboard; sourceTree = "<group>"; };
		190C1D1F285D160000FB3518 /* Info.plist */ = {isa = PBXFileReference; lastKnownFileType = text.plist.xml; path = Info.plist; sourceTree = "<group>"; };
		190C1D24285D160000FB3518 /* TeamForceTests.xctest */ = {isa = PBXFileReference; explicitFileType = wrapper.cfbundle; includeInIndex = 0; path = TeamForceTests.xctest; sourceTree = BUILT_PRODUCTS_DIR; };
		190C1D28285D160000FB3518 /* TeamForceTests.swift */ = {isa = PBXFileReference; lastKnownFileType = sourcecode.swift; path = TeamForceTests.swift; sourceTree = "<group>"; };
		19C1E97B285E7BC300E7976D /* Communicable.swift */ = {isa = PBXFileReference; fileEncoding = 4; lastKnownFileType = sourcecode.swift; path = Communicable.swift; sourceTree = "<group>"; };
		19C1E97E285E7C1200E7976D /* InitProtocol.swift */ = {isa = PBXFileReference; fileEncoding = 4; lastKnownFileType = sourcecode.swift; path = InitProtocol.swift; sourceTree = "<group>"; };
		19C1E980285E7C5500E7976D /* Lambda.swift */ = {isa = PBXFileReference; fileEncoding = 4; lastKnownFileType = sourcecode.swift; path = Lambda.swift; sourceTree = "<group>"; };
		19C1E985285F426B00E7976D /* EndpointProtocol.swift */ = {isa = PBXFileReference; fileEncoding = 4; lastKnownFileType = sourcecode.swift; path = EndpointProtocol.swift; sourceTree = "<group>"; };
		19C1E987285F426B00E7976D /* ApiEngineProtocol.swift */ = {isa = PBXFileReference; fileEncoding = 4; lastKnownFileType = sourcecode.swift; path = ApiEngineProtocol.swift; sourceTree = "<group>"; };
		19C1E988285F426B00E7976D /* TeamForceApi.swift */ = {isa = PBXFileReference; fileEncoding = 4; lastKnownFileType = sourcecode.swift; path = TeamForceApi.swift; sourceTree = "<group>"; };
		19C1E98A285F426B00E7976D /* TeamForceEndpoints.swift */ = {isa = PBXFileReference; fileEncoding = 4; lastKnownFileType = sourcecode.swift; path = TeamForceEndpoints.swift; sourceTree = "<group>"; };
		19C1E98B285F426B00E7976D /* ApiEngine.swift */ = {isa = PBXFileReference; fileEncoding = 4; lastKnownFileType = sourcecode.swift; path = ApiEngine.swift; sourceTree = "<group>"; };
		19C1E99628610E2800E7976D /* Model.swift */ = {isa = PBXFileReference; fileEncoding = 4; lastKnownFileType = sourcecode.swift; path = Model.swift; sourceTree = "<group>"; };
		19C1E99728610E2800E7976D /* RouterProtocol.swift */ = {isa = PBXFileReference; fileEncoding = 4; lastKnownFileType = sourcecode.swift; path = RouterProtocol.swift; sourceTree = "<group>"; };
		19C1E99828610E2800E7976D /* BaseVCModel.swift */ = {isa = PBXFileReference; fileEncoding = 4; lastKnownFileType = sourcecode.swift; path = BaseVCModel.swift; sourceTree = "<group>"; };
		19C1E99928610E2800E7976D /* SceneModelProtocol.swift */ = {isa = PBXFileReference; fileEncoding = 4; lastKnownFileType = sourcecode.swift; path = SceneModelProtocol.swift; sourceTree = "<group>"; };
		19C1E99A28610E2800E7976D /* ViewModel.swift */ = {isa = PBXFileReference; fileEncoding = 4; lastKnownFileType = sourcecode.swift; path = ViewModel.swift; sourceTree = "<group>"; };
		19C1E99B28610E2800E7976D /* AssetProtocol.swift */ = {isa = PBXFileReference; fileEncoding = 4; lastKnownFileType = sourcecode.swift; path = AssetProtocol.swift; sourceTree = "<group>"; };
		19C1E9A228610E4E00E7976D /* Router.swift */ = {isa = PBXFileReference; fileEncoding = 4; lastKnownFileType = sourcecode.swift; path = Router.swift; sourceTree = "<group>"; };
		19C1E9A528610EC600E7976D /* DefaultVCModel.swift */ = {isa = PBXFileReference; fileEncoding = 4; lastKnownFileType = sourcecode.swift; path = DefaultVCModel.swift; sourceTree = "<group>"; };
		19C1E9A82861167E00E7976D /* Anchors.swift */ = {isa = PBXFileReference; fileEncoding = 4; lastKnownFileType = sourcecode.swift; path = Anchors.swift; sourceTree = "<group>"; };
		19C1E9A92861167E00E7976D /* SimpleAnchors.swift */ = {isa = PBXFileReference; fileEncoding = 4; lastKnownFileType = sourcecode.swift; path = SimpleAnchors.swift; sourceTree = "<group>"; };
		19C1E9AA2861167E00E7976D /* ComplexAnchors.swift */ = {isa = PBXFileReference; fileEncoding = 4; lastKnownFileType = sourcecode.swift; path = ComplexAnchors.swift; sourceTree = "<group>"; };
		19ECD54028623D1F001765F6 /* LabelModel.swift */ = {isa = PBXFileReference; lastKnownFileType = sourcecode.swift; path = LabelModel.swift; sourceTree = "<group>"; };
		19ECD54228623D30001765F6 /* StackModel.swift */ = {isa = PBXFileReference; lastKnownFileType = sourcecode.swift; path = StackModel.swift; sourceTree = "<group>"; };
		19ECD54728623D9C001765F6 /* PaddingLabel.swift */ = {isa = PBXFileReference; lastKnownFileType = sourcecode.swift; path = PaddingLabel.swift; sourceTree = "<group>"; };
/* End PBXFileReference section */

/* Begin PBXFrameworksBuildPhase section */
		190C1D0B285D15FF00FB3518 /* Frameworks */ = {
			isa = PBXFrameworksBuildPhase;
			buildActionMask = 2147483647;
			files = (
				19C1E9942860F05F00E7976D /* PromiseKit in Frameworks */,
			);
			runOnlyForDeploymentPostprocessing = 0;
		};
		190C1D21285D160000FB3518 /* Frameworks */ = {
			isa = PBXFrameworksBuildPhase;
			buildActionMask = 2147483647;
			files = (
			);
			runOnlyForDeploymentPostprocessing = 0;
		};
/* End PBXFrameworksBuildPhase section */

/* Begin PBXGroup section */
		190C1D05285D15FF00FB3518 = {
			isa = PBXGroup;
			children = (
				190C1D10285D15FF00FB3518 /* TeamForce */,
				190C1D27285D160000FB3518 /* TeamForceTests */,
				190C1D0F285D15FF00FB3518 /* Products */,
			);
			sourceTree = "<group>";
		};
		190C1D0F285D15FF00FB3518 /* Products */ = {
			isa = PBXGroup;
			children = (
				190C1D0E285D15FF00FB3518 /* TeamForce.app */,
				190C1D24285D160000FB3518 /* TeamForceTests.xctest */,
			);
			name = Products;
			sourceTree = "<group>";
		};
		190C1D10285D15FF00FB3518 /* TeamForce */ = {
			isa = PBXGroup;
			children = (
				19C1E9A428610E6F00E7976D /* ViewModels */,
				19ECD54628623D92001765F6 /* Views */,
				19C1E99528610E1900E7976D /* Architecture */,
				19C1E97A285E7BC300E7976D /* Communicable */,
				19C1E989285F426B00E7976D /* TeamForceEndpoints */,
				19C1E983285F426B00E7976D /* Networking */,
				19C1E97D285E7BF800E7976D /* Common */,
				19C1E9A72861167E00E7976D /* Anchors */,
				190C1D41285D195800FB3518 /* Main */,
				190C1D1F285D160000FB3518 /* Info.plist */,
			);
			path = TeamForce;
			sourceTree = "<group>";
		};
		190C1D27285D160000FB3518 /* TeamForceTests */ = {
			isa = PBXGroup;
			children = (
				190C1D28285D160000FB3518 /* TeamForceTests.swift */,
			);
			path = TeamForceTests;
			sourceTree = "<group>";
		};
		190C1D41285D195800FB3518 /* Main */ = {
			isa = PBXGroup;
			children = (
				190C1D11285D15FF00FB3518 /* AppDelegate.swift */,
				190C1D13285D15FF00FB3518 /* SceneDelegate.swift */,
				190C1D15285D15FF00FB3518 /* ViewController.swift */,
				190C1D1A285D160000FB3518 /* Assets.xcassets */,
				190C1D1C285D160000FB3518 /* LaunchScreen.storyboard */,
			);
			path = Main;
			sourceTree = "<group>";
		};
		19C1E97A285E7BC300E7976D /* Communicable */ = {
			isa = PBXGroup;
			children = (
				19C1E97B285E7BC300E7976D /* Communicable.swift */,
			);
			path = Communicable;
			sourceTree = "<group>";
		};
		19C1E97D285E7BF800E7976D /* Common */ = {
			isa = PBXGroup;
			children = (
				19C1E980285E7C5500E7976D /* Lambda.swift */,
				19C1E97E285E7C1200E7976D /* InitProtocol.swift */,
			);
			path = Common;
			sourceTree = "<group>";
		};
		19C1E983285F426B00E7976D /* Networking */ = {
			isa = PBXGroup;
			children = (
				19C1E984285F426B00E7976D /* Abstract */,
				19C1E988285F426B00E7976D /* TeamForceApi.swift */,
				19C1E98B285F426B00E7976D /* ApiEngine.swift */,
			);
			path = Networking;
			sourceTree = "<group>";
		};
		19C1E984285F426B00E7976D /* Abstract */ = {
			isa = PBXGroup;
			children = (
				19C1E985285F426B00E7976D /* EndpointProtocol.swift */,
				19C1E987285F426B00E7976D /* ApiEngineProtocol.swift */,
			);
			path = Abstract;
			sourceTree = "<group>";
		};
		19C1E989285F426B00E7976D /* TeamForceEndpoints */ = {
			isa = PBXGroup;
			children = (
				19C1E98A285F426B00E7976D /* TeamForceEndpoints.swift */,
			);
			path = TeamForceEndpoints;
			sourceTree = "<group>";
		};
		19C1E99528610E1900E7976D /* Architecture */ = {
			isa = PBXGroup;
			children = (
				19C1E9A228610E4E00E7976D /* Router.swift */,
				19C1E99B28610E2800E7976D /* AssetProtocol.swift */,
				19C1E99828610E2800E7976D /* BaseVCModel.swift */,
				19C1E99628610E2800E7976D /* Model.swift */,
				19C1E99728610E2800E7976D /* RouterProtocol.swift */,
				19C1E99928610E2800E7976D /* SceneModelProtocol.swift */,
				19C1E99A28610E2800E7976D /* ViewModel.swift */,
			);
			path = Architecture;
			sourceTree = "<group>";
		};
		19C1E9A428610E6F00E7976D /* ViewModels */ = {
			isa = PBXGroup;
			children = (
				19C1E9A528610EC600E7976D /* DefaultVCModel.swift */,
				19ECD54228623D30001765F6 /* StackModel.swift */,
				19ECD54028623D1F001765F6 /* LabelModel.swift */,
			);
			path = ViewModels;
			sourceTree = "<group>";
		};
		19C1E9A72861167E00E7976D /* Anchors */ = {
			isa = PBXGroup;
			children = (
				19C1E9A82861167E00E7976D /* Anchors.swift */,
				19C1E9A92861167E00E7976D /* SimpleAnchors.swift */,
				19C1E9AA2861167E00E7976D /* ComplexAnchors.swift */,
			);
			path = Anchors;
			sourceTree = "<group>";
		};
		19ECD54628623D92001765F6 /* Views */ = {
			isa = PBXGroup;
			children = (
				19ECD54728623D9C001765F6 /* PaddingLabel.swift */,
			);
			path = Views;
			sourceTree = "<group>";
		};
/* End PBXGroup section */

/* Begin PBXNativeTarget section */
		190C1D0D285D15FF00FB3518 /* TeamForce */ = {
			isa = PBXNativeTarget;
			buildConfigurationList = 190C1D38285D160000FB3518 /* Build configuration list for PBXNativeTarget "TeamForce" */;
			buildPhases = (
				190C1D0A285D15FF00FB3518 /* Sources */,
				190C1D0B285D15FF00FB3518 /* Frameworks */,
				190C1D0C285D15FF00FB3518 /* Resources */,
			);
			buildRules = (
			);
			dependencies = (
			);
			name = TeamForce;
			packageProductDependencies = (
				19C1E9932860F05F00E7976D /* PromiseKit */,
			);
			productName = TeamForce;
			productReference = 190C1D0E285D15FF00FB3518 /* TeamForce.app */;
			productType = "com.apple.product-type.application";
		};
		190C1D23285D160000FB3518 /* TeamForceTests */ = {
			isa = PBXNativeTarget;
			buildConfigurationList = 190C1D3B285D160000FB3518 /* Build configuration list for PBXNativeTarget "TeamForceTests" */;
			buildPhases = (
				190C1D20285D160000FB3518 /* Sources */,
				190C1D21285D160000FB3518 /* Frameworks */,
				190C1D22285D160000FB3518 /* Resources */,
			);
			buildRules = (
			);
			dependencies = (
				190C1D26285D160000FB3518 /* PBXTargetDependency */,
			);
			name = TeamForceTests;
			productName = TeamForceTests;
			productReference = 190C1D24285D160000FB3518 /* TeamForceTests.xctest */;
			productType = "com.apple.product-type.bundle.unit-test";
		};
/* End PBXNativeTarget section */

/* Begin PBXProject section */
		190C1D06285D15FF00FB3518 /* Project object */ = {
			isa = PBXProject;
			attributes = {
				BuildIndependentTargetsInParallel = 1;
				LastSwiftUpdateCheck = 1340;
				LastUpgradeCheck = 1340;
				TargetAttributes = {
					190C1D0D285D15FF00FB3518 = {
						CreatedOnToolsVersion = 13.4.1;
					};
					190C1D23285D160000FB3518 = {
						CreatedOnToolsVersion = 13.4.1;
						TestTargetID = 190C1D0D285D15FF00FB3518;
					};
				};
			};
			buildConfigurationList = 190C1D09285D15FF00FB3518 /* Build configuration list for PBXProject "TeamForce" */;
			compatibilityVersion = "Xcode 13.0";
			developmentRegion = en;
			hasScannedForEncodings = 0;
			knownRegions = (
				en,
				Base,
			);
			mainGroup = 190C1D05285D15FF00FB3518;
			packageReferences = (
				19C1E9922860F05F00E7976D /* XCRemoteSwiftPackageReference "PromiseKit" */,
			);
			productRefGroup = 190C1D0F285D15FF00FB3518 /* Products */;
			projectDirPath = "";
			projectRoot = "";
			targets = (
				190C1D0D285D15FF00FB3518 /* TeamForce */,
				190C1D23285D160000FB3518 /* TeamForceTests */,
			);
		};
/* End PBXProject section */

/* Begin PBXResourcesBuildPhase section */
		190C1D0C285D15FF00FB3518 /* Resources */ = {
			isa = PBXResourcesBuildPhase;
			buildActionMask = 2147483647;
			files = (
				190C1D1E285D160000FB3518 /* LaunchScreen.storyboard in Resources */,
				190C1D1B285D160000FB3518 /* Assets.xcassets in Resources */,
			);
			runOnlyForDeploymentPostprocessing = 0;
		};
		190C1D22285D160000FB3518 /* Resources */ = {
			isa = PBXResourcesBuildPhase;
			buildActionMask = 2147483647;
			files = (
			);
			runOnlyForDeploymentPostprocessing = 0;
		};
/* End PBXResourcesBuildPhase section */

/* Begin PBXSourcesBuildPhase section */
		190C1D0A285D15FF00FB3518 /* Sources */ = {
			isa = PBXSourcesBuildPhase;
			buildActionMask = 2147483647;
			files = (
				19C1E981285E7C5500E7976D /* Lambda.swift in Sources */,
				19C1E98F285F426B00E7976D /* TeamForceApi.swift in Sources */,
				19C1E9AB2861167E00E7976D /* Anchors.swift in Sources */,
				19C1E99F28610E2800E7976D /* SceneModelProtocol.swift in Sources */,
				19C1E991285F426B00E7976D /* ApiEngine.swift in Sources */,
				19C1E9A328610E4E00E7976D /* Router.swift in Sources */,
				19C1E99C28610E2800E7976D /* Model.swift in Sources */,
				19C1E9AC2861167E00E7976D /* SimpleAnchors.swift in Sources */,
				19C1E98E285F426B00E7976D /* ApiEngineProtocol.swift in Sources */,
				19C1E9A628610EC600E7976D /* DefaultVCModel.swift in Sources */,
				19C1E9A028610E2800E7976D /* ViewModel.swift in Sources */,
				19ECD54828623D9C001765F6 /* PaddingLabel.swift in Sources */,
				19C1E97C285E7BC300E7976D /* Communicable.swift in Sources */,
				19C1E9A128610E2800E7976D /* AssetProtocol.swift in Sources */,
				190C1D16285D15FF00FB3518 /* ViewController.swift in Sources */,
				19C1E99E28610E2800E7976D /* BaseVCModel.swift in Sources */,
				19C1E97F285E7C1200E7976D /* InitProtocol.swift in Sources */,
				19ECD54128623D1F001765F6 /* LabelModel.swift in Sources */,
				19C1E99D28610E2800E7976D /* RouterProtocol.swift in Sources */,
				19ECD54328623D30001765F6 /* StackModel.swift in Sources */,
				19C1E990285F426B00E7976D /* TeamForceEndpoints.swift in Sources */,
				190C1D12285D15FF00FB3518 /* AppDelegate.swift in Sources */,
				190C1D14285D15FF00FB3518 /* SceneDelegate.swift in Sources */,
				19C1E98C285F426B00E7976D /* EndpointProtocol.swift in Sources */,
				19C1E9AD2861167E00E7976D /* ComplexAnchors.swift in Sources */,
			);
			runOnlyForDeploymentPostprocessing = 0;
		};
		190C1D20285D160000FB3518 /* Sources */ = {
			isa = PBXSourcesBuildPhase;
			buildActionMask = 2147483647;
			files = (
				190C1D29285D160000FB3518 /* TeamForceTests.swift in Sources */,
			);
			runOnlyForDeploymentPostprocessing = 0;
		};
/* End PBXSourcesBuildPhase section */

/* Begin PBXTargetDependency section */
		190C1D26285D160000FB3518 /* PBXTargetDependency */ = {
			isa = PBXTargetDependency;
			target = 190C1D0D285D15FF00FB3518 /* TeamForce */;
			targetProxy = 190C1D25285D160000FB3518 /* PBXContainerItemProxy */;
		};
/* End PBXTargetDependency section */

/* Begin PBXVariantGroup section */
		190C1D1C285D160000FB3518 /* LaunchScreen.storyboard */ = {
			isa = PBXVariantGroup;
			children = (
				190C1D1D285D160000FB3518 /* Base */,
			);
			name = LaunchScreen.storyboard;
			sourceTree = "<group>";
		};
/* End PBXVariantGroup section */

/* Begin XCBuildConfiguration section */
		190C1D36285D160000FB3518 /* Debug */ = {
			isa = XCBuildConfiguration;
			buildSettings = {
				ALWAYS_SEARCH_USER_PATHS = NO;
				CLANG_ANALYZER_NONNULL = YES;
				CLANG_ANALYZER_NUMBER_OBJECT_CONVERSION = YES_AGGRESSIVE;
				CLANG_CXX_LANGUAGE_STANDARD = "gnu++17";
				CLANG_ENABLE_MODULES = YES;
				CLANG_ENABLE_OBJC_ARC = YES;
				CLANG_ENABLE_OBJC_WEAK = YES;
				CLANG_WARN_BLOCK_CAPTURE_AUTORELEASING = YES;
				CLANG_WARN_BOOL_CONVERSION = YES;
				CLANG_WARN_COMMA = YES;
				CLANG_WARN_CONSTANT_CONVERSION = YES;
				CLANG_WARN_DEPRECATED_OBJC_IMPLEMENTATIONS = YES;
				CLANG_WARN_DIRECT_OBJC_ISA_USAGE = YES_ERROR;
				CLANG_WARN_DOCUMENTATION_COMMENTS = YES;
				CLANG_WARN_EMPTY_BODY = YES;
				CLANG_WARN_ENUM_CONVERSION = YES;
				CLANG_WARN_INFINITE_RECURSION = YES;
				CLANG_WARN_INT_CONVERSION = YES;
				CLANG_WARN_NON_LITERAL_NULL_CONVERSION = YES;
				CLANG_WARN_OBJC_IMPLICIT_RETAIN_SELF = YES;
				CLANG_WARN_OBJC_LITERAL_CONVERSION = YES;
				CLANG_WARN_OBJC_ROOT_CLASS = YES_ERROR;
				CLANG_WARN_QUOTED_INCLUDE_IN_FRAMEWORK_HEADER = YES;
				CLANG_WARN_RANGE_LOOP_ANALYSIS = YES;
				CLANG_WARN_STRICT_PROTOTYPES = YES;
				CLANG_WARN_SUSPICIOUS_MOVE = YES;
				CLANG_WARN_UNGUARDED_AVAILABILITY = YES_AGGRESSIVE;
				CLANG_WARN_UNREACHABLE_CODE = YES;
				CLANG_WARN__DUPLICATE_METHOD_MATCH = YES;
				COPY_PHASE_STRIP = NO;
				DEBUG_INFORMATION_FORMAT = dwarf;
				ENABLE_STRICT_OBJC_MSGSEND = YES;
				ENABLE_TESTABILITY = YES;
				GCC_C_LANGUAGE_STANDARD = gnu11;
				GCC_DYNAMIC_NO_PIC = NO;
				GCC_NO_COMMON_BLOCKS = YES;
				GCC_OPTIMIZATION_LEVEL = 0;
				GCC_PREPROCESSOR_DEFINITIONS = (
					"DEBUG=1",
					"$(inherited)",
				);
				GCC_WARN_64_TO_32_BIT_CONVERSION = YES;
				GCC_WARN_ABOUT_RETURN_TYPE = YES_ERROR;
				GCC_WARN_UNDECLARED_SELECTOR = YES;
				GCC_WARN_UNINITIALIZED_AUTOS = YES_AGGRESSIVE;
				GCC_WARN_UNUSED_FUNCTION = YES;
				GCC_WARN_UNUSED_VARIABLE = YES;
				IPHONEOS_DEPLOYMENT_TARGET = 15.5;
				MTL_ENABLE_DEBUG_INFO = INCLUDE_SOURCE;
				MTL_FAST_MATH = YES;
				ONLY_ACTIVE_ARCH = YES;
				SDKROOT = iphoneos;
				SWIFT_ACTIVE_COMPILATION_CONDITIONS = DEBUG;
				SWIFT_OPTIMIZATION_LEVEL = "-Onone";
			};
			name = Debug;
		};
		190C1D37285D160000FB3518 /* Release */ = {
			isa = XCBuildConfiguration;
			buildSettings = {
				ALWAYS_SEARCH_USER_PATHS = NO;
				CLANG_ANALYZER_NONNULL = YES;
				CLANG_ANALYZER_NUMBER_OBJECT_CONVERSION = YES_AGGRESSIVE;
				CLANG_CXX_LANGUAGE_STANDARD = "gnu++17";
				CLANG_ENABLE_MODULES = YES;
				CLANG_ENABLE_OBJC_ARC = YES;
				CLANG_ENABLE_OBJC_WEAK = YES;
				CLANG_WARN_BLOCK_CAPTURE_AUTORELEASING = YES;
				CLANG_WARN_BOOL_CONVERSION = YES;
				CLANG_WARN_COMMA = YES;
				CLANG_WARN_CONSTANT_CONVERSION = YES;
				CLANG_WARN_DEPRECATED_OBJC_IMPLEMENTATIONS = YES;
				CLANG_WARN_DIRECT_OBJC_ISA_USAGE = YES_ERROR;
				CLANG_WARN_DOCUMENTATION_COMMENTS = YES;
				CLANG_WARN_EMPTY_BODY = YES;
				CLANG_WARN_ENUM_CONVERSION = YES;
				CLANG_WARN_INFINITE_RECURSION = YES;
				CLANG_WARN_INT_CONVERSION = YES;
				CLANG_WARN_NON_LITERAL_NULL_CONVERSION = YES;
				CLANG_WARN_OBJC_IMPLICIT_RETAIN_SELF = YES;
				CLANG_WARN_OBJC_LITERAL_CONVERSION = YES;
				CLANG_WARN_OBJC_ROOT_CLASS = YES_ERROR;
				CLANG_WARN_QUOTED_INCLUDE_IN_FRAMEWORK_HEADER = YES;
				CLANG_WARN_RANGE_LOOP_ANALYSIS = YES;
				CLANG_WARN_STRICT_PROTOTYPES = YES;
				CLANG_WARN_SUSPICIOUS_MOVE = YES;
				CLANG_WARN_UNGUARDED_AVAILABILITY = YES_AGGRESSIVE;
				CLANG_WARN_UNREACHABLE_CODE = YES;
				CLANG_WARN__DUPLICATE_METHOD_MATCH = YES;
				COPY_PHASE_STRIP = NO;
				DEBUG_INFORMATION_FORMAT = "dwarf-with-dsym";
				ENABLE_NS_ASSERTIONS = NO;
				ENABLE_STRICT_OBJC_MSGSEND = YES;
				GCC_C_LANGUAGE_STANDARD = gnu11;
				GCC_NO_COMMON_BLOCKS = YES;
				GCC_WARN_64_TO_32_BIT_CONVERSION = YES;
				GCC_WARN_ABOUT_RETURN_TYPE = YES_ERROR;
				GCC_WARN_UNDECLARED_SELECTOR = YES;
				GCC_WARN_UNINITIALIZED_AUTOS = YES_AGGRESSIVE;
				GCC_WARN_UNUSED_FUNCTION = YES;
				GCC_WARN_UNUSED_VARIABLE = YES;
				IPHONEOS_DEPLOYMENT_TARGET = 15.5;
				MTL_ENABLE_DEBUG_INFO = NO;
				MTL_FAST_MATH = YES;
				SDKROOT = iphoneos;
				SWIFT_COMPILATION_MODE = wholemodule;
				SWIFT_OPTIMIZATION_LEVEL = "-O";
				VALIDATE_PRODUCT = YES;
			};
			name = Release;
		};
		190C1D39285D160000FB3518 /* Debug */ = {
			isa = XCBuildConfiguration;
			buildSettings = {
				ASSETCATALOG_COMPILER_APPICON_NAME = AppIcon;
				ASSETCATALOG_COMPILER_GLOBAL_ACCENT_COLOR_NAME = AccentColor;
				CODE_SIGN_STYLE = Automatic;
				CURRENT_PROJECT_VERSION = 1;
				DEVELOPMENT_TEAM = 6MKP9BQB2K;
				GENERATE_INFOPLIST_FILE = YES;
				INFOPLIST_FILE = TeamForce/Info.plist;
				INFOPLIST_KEY_UIApplicationSupportsIndirectInputEvents = YES;
				INFOPLIST_KEY_UILaunchStoryboardName = LaunchScreen;
				INFOPLIST_KEY_UISupportedInterfaceOrientations = UIInterfaceOrientationPortrait;
				INFOPLIST_KEY_UISupportedInterfaceOrientations_iPad = "UIInterfaceOrientationPortrait UIInterfaceOrientationPortraitUpsideDown UIInterfaceOrientationLandscapeLeft UIInterfaceOrientationLandscapeRight";
				INFOPLIST_KEY_UISupportedInterfaceOrientations_iPhone = "UIInterfaceOrientationPortrait UIInterfaceOrientationLandscapeLeft UIInterfaceOrientationLandscapeRight";
				IPHONEOS_DEPLOYMENT_TARGET = 13.0;
				LD_RUNPATH_SEARCH_PATHS = (
					"$(inherited)",
					"@executable_path/Frameworks",
				);
				MARKETING_VERSION = 1.0;
				PRODUCT_BUNDLE_IDENTIFIER = XYZProject.TeamForce;
				PRODUCT_NAME = "$(TARGET_NAME)";
				SWIFT_EMIT_LOC_STRINGS = YES;
				SWIFT_VERSION = 5.0;
				TARGETED_DEVICE_FAMILY = 1;
			};
			name = Debug;
		};
		190C1D3A285D160000FB3518 /* Release */ = {
			isa = XCBuildConfiguration;
			buildSettings = {
				ASSETCATALOG_COMPILER_APPICON_NAME = AppIcon;
				ASSETCATALOG_COMPILER_GLOBAL_ACCENT_COLOR_NAME = AccentColor;
				CODE_SIGN_STYLE = Automatic;
				CURRENT_PROJECT_VERSION = 1;
				DEVELOPMENT_TEAM = 6MKP9BQB2K;
				GENERATE_INFOPLIST_FILE = YES;
				INFOPLIST_FILE = TeamForce/Info.plist;
				INFOPLIST_KEY_UIApplicationSupportsIndirectInputEvents = YES;
				INFOPLIST_KEY_UILaunchStoryboardName = LaunchScreen;
				INFOPLIST_KEY_UISupportedInterfaceOrientations = UIInterfaceOrientationPortrait;
				INFOPLIST_KEY_UISupportedInterfaceOrientations_iPad = "UIInterfaceOrientationPortrait UIInterfaceOrientationPortraitUpsideDown UIInterfaceOrientationLandscapeLeft UIInterfaceOrientationLandscapeRight";
				INFOPLIST_KEY_UISupportedInterfaceOrientations_iPhone = "UIInterfaceOrientationPortrait UIInterfaceOrientationLandscapeLeft UIInterfaceOrientationLandscapeRight";
				IPHONEOS_DEPLOYMENT_TARGET = 13.0;
				LD_RUNPATH_SEARCH_PATHS = (
					"$(inherited)",
					"@executable_path/Frameworks",
				);
				MARKETING_VERSION = 1.0;
				PRODUCT_BUNDLE_IDENTIFIER = XYZProject.TeamForce;
				PRODUCT_NAME = "$(TARGET_NAME)";
				SWIFT_EMIT_LOC_STRINGS = YES;
				SWIFT_VERSION = 5.0;
				TARGETED_DEVICE_FAMILY = 1;
			};
			name = Release;
		};
		190C1D3C285D160000FB3518 /* Debug */ = {
			isa = XCBuildConfiguration;
			buildSettings = {
				ALWAYS_EMBED_SWIFT_STANDARD_LIBRARIES = YES;
				BUNDLE_LOADER = "$(TEST_HOST)";
				CODE_SIGN_STYLE = Automatic;
				CURRENT_PROJECT_VERSION = 1;
				DEVELOPMENT_TEAM = 6MKP9BQB2K;
				GENERATE_INFOPLIST_FILE = YES;
				IPHONEOS_DEPLOYMENT_TARGET = 15.5;
				MARKETING_VERSION = 1.0;
				PRODUCT_BUNDLE_IDENTIFIER = XYZProject.TeamForceTests;
				PRODUCT_NAME = "$(TARGET_NAME)";
				SWIFT_EMIT_LOC_STRINGS = NO;
				SWIFT_VERSION = 5.0;
				TARGETED_DEVICE_FAMILY = "1,2";
				TEST_HOST = "$(BUILT_PRODUCTS_DIR)/TeamForce.app/TeamForce";
			};
			name = Debug;
		};
		190C1D3D285D160000FB3518 /* Release */ = {
			isa = XCBuildConfiguration;
			buildSettings = {
				ALWAYS_EMBED_SWIFT_STANDARD_LIBRARIES = YES;
				BUNDLE_LOADER = "$(TEST_HOST)";
				CODE_SIGN_STYLE = Automatic;
				CURRENT_PROJECT_VERSION = 1;
				DEVELOPMENT_TEAM = 6MKP9BQB2K;
				GENERATE_INFOPLIST_FILE = YES;
				IPHONEOS_DEPLOYMENT_TARGET = 15.5;
				MARKETING_VERSION = 1.0;
				PRODUCT_BUNDLE_IDENTIFIER = XYZProject.TeamForceTests;
				PRODUCT_NAME = "$(TARGET_NAME)";
				SWIFT_EMIT_LOC_STRINGS = NO;
				SWIFT_VERSION = 5.0;
				TARGETED_DEVICE_FAMILY = "1,2";
				TEST_HOST = "$(BUILT_PRODUCTS_DIR)/TeamForce.app/TeamForce";
			};
			name = Release;
		};
/* End XCBuildConfiguration section */

/* Begin XCConfigurationList section */
		190C1D09285D15FF00FB3518 /* Build configuration list for PBXProject "TeamForce" */ = {
			isa = XCConfigurationList;
			buildConfigurations = (
				190C1D36285D160000FB3518 /* Debug */,
				190C1D37285D160000FB3518 /* Release */,
			);
			defaultConfigurationIsVisible = 0;
			defaultConfigurationName = Release;
		};
		190C1D38285D160000FB3518 /* Build configuration list for PBXNativeTarget "TeamForce" */ = {
			isa = XCConfigurationList;
			buildConfigurations = (
				190C1D39285D160000FB3518 /* Debug */,
				190C1D3A285D160000FB3518 /* Release */,
			);
			defaultConfigurationIsVisible = 0;
			defaultConfigurationName = Release;
		};
		190C1D3B285D160000FB3518 /* Build configuration list for PBXNativeTarget "TeamForceTests" */ = {
			isa = XCConfigurationList;
			buildConfigurations = (
				190C1D3C285D160000FB3518 /* Debug */,
				190C1D3D285D160000FB3518 /* Release */,
			);
			defaultConfigurationIsVisible = 0;
			defaultConfigurationName = Release;
		};
/* End XCConfigurationList section */

/* Begin XCRemoteSwiftPackageReference section */
		19C1E9922860F05F00E7976D /* XCRemoteSwiftPackageReference "PromiseKit" */ = {
			isa = XCRemoteSwiftPackageReference;
			repositoryURL = "https://github.com/mxcl/PromiseKit";
			requirement = {
				kind = upToNextMajorVersion;
				minimumVersion = 6.0.0;
			};
		};
/* End XCRemoteSwiftPackageReference section */

/* Begin XCSwiftPackageProductDependency section */
		19C1E9932860F05F00E7976D /* PromiseKit */ = {
			isa = XCSwiftPackageProductDependency;
			package = 19C1E9922860F05F00E7976D /* XCRemoteSwiftPackageReference "PromiseKit" */;
			productName = PromiseKit;
		};
/* End XCSwiftPackageProductDependency section */
	};
	rootObject = 190C1D06285D15FF00FB3518 /* Project object */;
}
