// !$*UTF8*$!
{
	archiveVersion = 1;
	classes = {
	};
	objectVersion = 55;
	objects = {

/* Begin PBXBuildFile section */
		190C1D12285D15FF00FB3518 /* AppDelegate.swift in Sources */ = {isa = PBXBuildFile; fileRef = 190C1D11285D15FF00FB3518 /* AppDelegate.swift */; };
		190C1D14285D15FF00FB3518 /* SceneDelegate.swift in Sources */ = {isa = PBXBuildFile; fileRef = 190C1D13285D15FF00FB3518 /* SceneDelegate.swift */; };
		190C1D16285D15FF00FB3518 /* ViewController.swift in Sources */ = {isa = PBXBuildFile; fileRef = 190C1D15285D15FF00FB3518 /* ViewController.swift */; };
		190C1D1B285D160000FB3518 /* Assets.xcassets in Resources */ = {isa = PBXBuildFile; fileRef = 190C1D1A285D160000FB3518 /* Assets.xcassets */; };
		190C1D1E285D160000FB3518 /* LaunchScreen.storyboard in Resources */ = {isa = PBXBuildFile; fileRef = 190C1D1C285D160000FB3518 /* LaunchScreen.storyboard */; };
		190C1D29285D160000FB3518 /* TeamForceTests.swift in Sources */ = {isa = PBXBuildFile; fileRef = 190C1D28285D160000FB3518 /* TeamForceTests.swift */; };
		1913F656286E1EC80033FAB3 /* RealmSwift in Frameworks */ = {isa = PBXBuildFile; productRef = 1913F655286E1EC80033FAB3 /* RealmSwift */; };
		1918CC77286F67EB004373F3 /* BalanceViewModel.swift in Sources */ = {isa = PBXBuildFile; fileRef = 1918CC76286F67EB004373F3 /* BalanceViewModel.swift */; };
		1918CC79286F6C69004373F3 /* VerifyApiModel.swift in Sources */ = {isa = PBXBuildFile; fileRef = 1918CC78286F6C69004373F3 /* VerifyApiModel.swift */; };
		1918CC7B286F6C84004373F3 /* GetProfileApiModel.swift in Sources */ = {isa = PBXBuildFile; fileRef = 1918CC7A286F6C83004373F3 /* GetProfileApiModel.swift */; };
		1918CC7D286F6CAC004373F3 /* GetBalanceApiModel.swift in Sources */ = {isa = PBXBuildFile; fileRef = 1918CC7C286F6CAC004373F3 /* GetBalanceApiModel.swift */; };
		191B0C272865E5C1001CF3D9 /* Icons.swift in Sources */ = {isa = PBXBuildFile; fileRef = 191B0C262865E5C1001CF3D9 /* Icons.swift */; };
		191B0C292865F119001CF3D9 /* Texts.swift in Sources */ = {isa = PBXBuildFile; fileRef = 191B0C282865F119001CF3D9 /* Texts.swift */; };
		194B617A289546C9007F0B60 /* AsyncWork.swift in Sources */ = {isa = PBXBuildFile; fileRef = 194B6179289546C9007F0B60 /* AsyncWork.swift */; };
		194B617C28954BEC007F0B60 /* AsyncWorker.swift in Sources */ = {isa = PBXBuildFile; fileRef = 194B617B28954BEC007F0B60 /* AsyncWorker.swift */; };
		194C095628759FD900D88D5B /* ViewModel+Stateable.swift in Sources */ = {isa = PBXBuildFile; fileRef = 194C095528759FD900D88D5B /* ViewModel+Stateable.swift */; };
		1953DE7F2878BCB5000DC537 /* SwiftKeychainWrapper in Frameworks */ = {isa = PBXBuildFile; productRef = 1953DE7E2878BCB5000DC537 /* SwiftKeychainWrapper */; };
		1953DE812879FC55000DC537 /* SearchUserApiModel.swift in Sources */ = {isa = PBXBuildFile; fileRef = 1953DE802879FC55000DC537 /* SearchUserApiModel.swift */; };
		1953DE842879FDE3000DC537 /* TransactViewModel.swift in Sources */ = {isa = PBXBuildFile; fileRef = 1953DE832879FDE3000DC537 /* TransactViewModel.swift */; };
		1953DE862879FE30000DC537 /* PickerViewModel.swift in Sources */ = {isa = PBXBuildFile; fileRef = 1953DE852879FE30000DC537 /* PickerViewModel.swift */; };
		1953DE88287B4574000DC537 /* Fonts.swift in Sources */ = {isa = PBXBuildFile; fileRef = 1953DE87287B4574000DC537 /* Fonts.swift */; };
		1953DE8A287B4624000DC537 /* LabelStateBuilder.swift in Sources */ = {isa = PBXBuildFile; fileRef = 1953DE89287B4624000DC537 /* LabelStateBuilder.swift */; };
		1953DE8D287B4752000DC537 /* Typography.swift in Sources */ = {isa = PBXBuildFile; fileRef = 1953DE8C287B4752000DC537 /* Typography.swift */; };
		1967509D286491190019A6DE /* Buttons.swift in Sources */ = {isa = PBXBuildFile; fileRef = 1967509C286491190019A6DE /* Buttons.swift */; };
		1967509F286492780019A6DE /* Labels.swift in Sources */ = {isa = PBXBuildFile; fileRef = 1967509E286492780019A6DE /* Labels.swift */; };
		196750A22865169C0019A6DE /* DigitalThanksScene.swift in Sources */ = {isa = PBXBuildFile; fileRef = 196750A12865169C0019A6DE /* DigitalThanksScene.swift */; };
		196750A4286516E40019A6DE /* RegisterScene.swift in Sources */ = {isa = PBXBuildFile; fileRef = 196750A3286516E40019A6DE /* RegisterScene.swift */; };
		196750A6286516F40019A6DE /* LoginScene.swift in Sources */ = {isa = PBXBuildFile; fileRef = 196750A5286516F40019A6DE /* LoginScene.swift */; };
		196750A8286517070019A6DE /* VerifyCodeScene.swift in Sources */ = {isa = PBXBuildFile; fileRef = 196750A7286517070019A6DE /* VerifyCodeScene.swift */; };
		196750AA286517130019A6DE /* LoginSuccessScene.swift in Sources */ = {isa = PBXBuildFile; fileRef = 196750A9286517130019A6DE /* LoginSuccessScene.swift */; };
		196750AC2865189C0019A6DE /* TextFieldModel.swift in Sources */ = {isa = PBXBuildFile; fileRef = 196750AB2865189C0019A6DE /* TextFieldModel.swift */; };
		196750B0286518F80019A6DE /* StackWithBottomPanelModel.swift in Sources */ = {isa = PBXBuildFile; fileRef = 196750AF286518F80019A6DE /* StackWithBottomPanelModel.swift */; };
		196750B22865190D0019A6DE /* ImageViewModel.swift in Sources */ = {isa = PBXBuildFile; fileRef = 196750B12865190D0019A6DE /* ImageViewModel.swift */; };
		196750B4286519660019A6DE /* ProductionAsset.swift in Sources */ = {isa = PBXBuildFile; fileRef = 196750B3286519660019A6DE /* ProductionAsset.swift */; };
		199C4B6628624B4C008AD6FD /* Spacer.swift in Sources */ = {isa = PBXBuildFile; fileRef = 199C4B6528624B4C008AD6FD /* Spacer.swift */; };
		199C4B6928632834008AD6FD /* DesignProtocol.swift in Sources */ = {isa = PBXBuildFile; fileRef = 199C4B6828632834008AD6FD /* DesignProtocol.swift */; };
		199C4B6B2863292F008AD6FD /* ButtonModel.swift in Sources */ = {isa = PBXBuildFile; fileRef = 199C4B6A2863292F008AD6FD /* ButtonModel.swift */; };
		199C4B6D2863299E008AD6FD /* DesignSystem.swift in Sources */ = {isa = PBXBuildFile; fileRef = 199C4B6C2863299E008AD6FD /* DesignSystem.swift */; };
		19AE3AEF28691B2E00A0C6E4 /* MainScene.swift in Sources */ = {isa = PBXBuildFile; fileRef = 19AE3AEE28691B2E00A0C6E4 /* MainScene.swift */; };
		19AE3AF22869230C00A0C6E4 /* AuthApiModel.swift in Sources */ = {isa = PBXBuildFile; fileRef = 19AE3AF12869230C00A0C6E4 /* AuthApiModel.swift */; };
		19C1E97C285E7BC300E7976D /* Communicable.swift in Sources */ = {isa = PBXBuildFile; fileRef = 19C1E97B285E7BC300E7976D /* Communicable.swift */; };
		19C1E97F285E7C1200E7976D /* InitProtocol.swift in Sources */ = {isa = PBXBuildFile; fileRef = 19C1E97E285E7C1200E7976D /* InitProtocol.swift */; };
		19C1E981285E7C5500E7976D /* Lambda.swift in Sources */ = {isa = PBXBuildFile; fileRef = 19C1E980285E7C5500E7976D /* Lambda.swift */; };
		19C1E98C285F426B00E7976D /* EndpointProtocol.swift in Sources */ = {isa = PBXBuildFile; fileRef = 19C1E985285F426B00E7976D /* EndpointProtocol.swift */; };
		19C1E98E285F426B00E7976D /* ApiEngineProtocol.swift in Sources */ = {isa = PBXBuildFile; fileRef = 19C1E987285F426B00E7976D /* ApiEngineProtocol.swift */; };
		19C1E98F285F426B00E7976D /* TeamForceApi.swift in Sources */ = {isa = PBXBuildFile; fileRef = 19C1E988285F426B00E7976D /* TeamForceApi.swift */; };
		19C1E990285F426B00E7976D /* TeamForceEndpoints.swift in Sources */ = {isa = PBXBuildFile; fileRef = 19C1E98A285F426B00E7976D /* TeamForceEndpoints.swift */; };
		19C1E991285F426B00E7976D /* ApiEngine.swift in Sources */ = {isa = PBXBuildFile; fileRef = 19C1E98B285F426B00E7976D /* ApiEngine.swift */; };
		19C1E9942860F05F00E7976D /* PromiseKit in Frameworks */ = {isa = PBXBuildFile; productRef = 19C1E9932860F05F00E7976D /* PromiseKit */; };
		19C1E99C28610E2800E7976D /* Model.swift in Sources */ = {isa = PBXBuildFile; fileRef = 19C1E99628610E2800E7976D /* Model.swift */; };
		19C1E99D28610E2800E7976D /* RouterProtocol.swift in Sources */ = {isa = PBXBuildFile; fileRef = 19C1E99728610E2800E7976D /* RouterProtocol.swift */; };
		19C1E99E28610E2800E7976D /* BaseVCModel.swift in Sources */ = {isa = PBXBuildFile; fileRef = 19C1E99828610E2800E7976D /* BaseVCModel.swift */; };
		19C1E99F28610E2800E7976D /* SceneModelProtocol.swift in Sources */ = {isa = PBXBuildFile; fileRef = 19C1E99928610E2800E7976D /* SceneModelProtocol.swift */; };
		19C1E9A028610E2800E7976D /* ViewModel.swift in Sources */ = {isa = PBXBuildFile; fileRef = 19C1E99A28610E2800E7976D /* ViewModel.swift */; };
		19C1E9A128610E2800E7976D /* AssetProtocol.swift in Sources */ = {isa = PBXBuildFile; fileRef = 19C1E99B28610E2800E7976D /* AssetProtocol.swift */; };
		19C1E9A328610E4E00E7976D /* Router.swift in Sources */ = {isa = PBXBuildFile; fileRef = 19C1E9A228610E4E00E7976D /* Router.swift */; };
		19C1E9A628610EC600E7976D /* DefaultVCModel.swift in Sources */ = {isa = PBXBuildFile; fileRef = 19C1E9A528610EC600E7976D /* DefaultVCModel.swift */; };
		19C1E9AB2861167E00E7976D /* Anchors.swift in Sources */ = {isa = PBXBuildFile; fileRef = 19C1E9A82861167E00E7976D /* Anchors.swift */; };
		19C1E9AC2861167E00E7976D /* SimpleAnchors.swift in Sources */ = {isa = PBXBuildFile; fileRef = 19C1E9A92861167E00E7976D /* SimpleAnchors.swift */; };
		19C1E9AD2861167E00E7976D /* ComplexAnchors.swift in Sources */ = {isa = PBXBuildFile; fileRef = 19C1E9AA2861167E00E7976D /* ComplexAnchors.swift */; };
		19D08351286F401000F75E4A /* SideBarUserModel.swift in Sources */ = {isa = PBXBuildFile; fileRef = 19D08350286F401000F75E4A /* SideBarUserModel.swift */; };
		19D08353286F403400F75E4A /* SideBarModel.swift in Sources */ = {isa = PBXBuildFile; fileRef = 19D08352286F403400F75E4A /* SideBarModel.swift */; };
		19D08355286F405500F75E4A /* DoubleLabelModel.swift in Sources */ = {isa = PBXBuildFile; fileRef = 19D08354286F405500F75E4A /* DoubleLabelModel.swift */; };
		19D08357286F41B200F75E4A /* DoubleLabelPairModel.swift in Sources */ = {isa = PBXBuildFile; fileRef = 19D08356286F41B200F75E4A /* DoubleLabelPairModel.swift */; };
		19D08359286F41FA00F75E4A /* IconLabelHorizontalModel.swift in Sources */ = {isa = PBXBuildFile; fileRef = 19D08358286F41FA00F75E4A /* IconLabelHorizontalModel.swift */; };
		19D0835B286F424000F75E4A /* LabelIconHorizontalModel.swift in Sources */ = {isa = PBXBuildFile; fileRef = 19D0835A286F424000F75E4A /* LabelIconHorizontalModel.swift */; };
		19D0835D286F428600F75E4A /* BarButtonModel.swift in Sources */ = {isa = PBXBuildFile; fileRef = 19D0835C286F428600F75E4A /* BarButtonModel.swift */; };
		19D0835F286F42C000F75E4A /* FrameCellModel.swift in Sources */ = {isa = PBXBuildFile; fileRef = 19D0835E286F42C000F75E4A /* FrameCellModel.swift */; };
		19D08361286F430B00F75E4A /* Designable.swift in Sources */ = {isa = PBXBuildFile; fileRef = 19D08360286F430B00F75E4A /* Designable.swift */; };
		19DD3D95288766860085CDA8 /* LabelCellModel.swift in Sources */ = {isa = PBXBuildFile; fileRef = 19DD3D94288766860085CDA8 /* LabelCellModel.swift */; };
		19DD3D97288A0A8C0085CDA8 /* CoverViewModel.swift in Sources */ = {isa = PBXBuildFile; fileRef = 19DD3D96288A0A8C0085CDA8 /* CoverViewModel.swift */; };
		19ECD54128623D1F001765F6 /* LabelModel.swift in Sources */ = {isa = PBXBuildFile; fileRef = 19ECD54028623D1F001765F6 /* LabelModel.swift */; };
		19ECD54328623D30001765F6 /* StackModel.swift in Sources */ = {isa = PBXBuildFile; fileRef = 19ECD54228623D30001765F6 /* StackModel.swift */; };
		19ECD54828623D9C001765F6 /* PaddingLabel.swift in Sources */ = {isa = PBXBuildFile; fileRef = 19ECD54728623D9C001765F6 /* PaddingLabel.swift */; };
		19EF32AB287CE80B0078F53D /* StringStorageModel.swift in Sources */ = {isa = PBXBuildFile; fileRef = 19EF32AA287CE80B0078F53D /* StringStorageModel.swift */; };
		19EF32AE287E08F80078F53D /* Colors.swift in Sources */ = {isa = PBXBuildFile; fileRef = 19EF32AD287E08F80078F53D /* Colors.swift */; };
		19EF32B02884B6C80078F53D /* TableViewModel.swift in Sources */ = {isa = PBXBuildFile; fileRef = 19EF32AF2884B6C80078F53D /* TableViewModel.swift */; };
		634F4333288F4EE9003B2256 /* LogoutApiModel.swift in Sources */ = {isa = PBXBuildFile; fileRef = 634F4332288F4EE9003B2256 /* LogoutApiModel.swift */; };
		6368D8222891508C0049EEAB /* ProfileViewModel.swift in Sources */ = {isa = PBXBuildFile; fileRef = 6368D8212891508C0049EEAB /* ProfileViewModel.swift */; };
		6368D824289168740049EEAB /* CustomCellModel.swift in Sources */ = {isa = PBXBuildFile; fileRef = 6368D823289168740049EEAB /* CustomCellModel.swift */; };
		6368D826289187B50049EEAB /* SendCoinApiModel.swift in Sources */ = {isa = PBXBuildFile; fileRef = 6368D825289187B50049EEAB /* SendCoinApiModel.swift */; };
		6368D8282891E7C40049EEAB /* UserDefault+helpers.swift in Sources */ = {isa = PBXBuildFile; fileRef = 6368D8272891E7C30049EEAB /* UserDefault+helpers.swift */; };
		63E1916D2889519E000FD312 /* BadgeModel.swift in Sources */ = {isa = PBXBuildFile; fileRef = 63E1916C2889519E000FD312 /* BadgeModel.swift */; };
/* End PBXBuildFile section */

/* Begin PBXContainerItemProxy section */
		190C1D25285D160000FB3518 /* PBXContainerItemProxy */ = {
			isa = PBXContainerItemProxy;
			containerPortal = 190C1D06285D15FF00FB3518 /* Project object */;
			proxyType = 1;
			remoteGlobalIDString = 190C1D0D285D15FF00FB3518;
			remoteInfo = TeamForce;
		};
/* End PBXContainerItemProxy section */

/* Begin PBXFileReference section */
		190C1D0E285D15FF00FB3518 /* TeamForce.app */ = {isa = PBXFileReference; explicitFileType = wrapper.application; includeInIndex = 0; path = TeamForce.app; sourceTree = BUILT_PRODUCTS_DIR; };
		190C1D11285D15FF00FB3518 /* AppDelegate.swift */ = {isa = PBXFileReference; lastKnownFileType = sourcecode.swift; path = AppDelegate.swift; sourceTree = "<group>"; };
		190C1D13285D15FF00FB3518 /* SceneDelegate.swift */ = {isa = PBXFileReference; lastKnownFileType = sourcecode.swift; path = SceneDelegate.swift; sourceTree = "<group>"; };
		190C1D15285D15FF00FB3518 /* ViewController.swift */ = {isa = PBXFileReference; lastKnownFileType = sourcecode.swift; path = ViewController.swift; sourceTree = "<group>"; };
		190C1D1A285D160000FB3518 /* Assets.xcassets */ = {isa = PBXFileReference; lastKnownFileType = folder.assetcatalog; path = Assets.xcassets; sourceTree = "<group>"; };
		190C1D1D285D160000FB3518 /* Base */ = {isa = PBXFileReference; lastKnownFileType = file.storyboard; name = Base; path = Base.lproj/LaunchScreen.storyboard; sourceTree = "<group>"; };
		190C1D1F285D160000FB3518 /* Info.plist */ = {isa = PBXFileReference; lastKnownFileType = text.plist.xml; path = Info.plist; sourceTree = "<group>"; };
		190C1D24285D160000FB3518 /* TeamForceTests.xctest */ = {isa = PBXFileReference; explicitFileType = wrapper.cfbundle; includeInIndex = 0; path = TeamForceTests.xctest; sourceTree = BUILT_PRODUCTS_DIR; };
		190C1D28285D160000FB3518 /* TeamForceTests.swift */ = {isa = PBXFileReference; lastKnownFileType = sourcecode.swift; path = TeamForceTests.swift; sourceTree = "<group>"; };
		1918CC76286F67EB004373F3 /* BalanceViewModel.swift */ = {isa = PBXFileReference; lastKnownFileType = sourcecode.swift; path = BalanceViewModel.swift; sourceTree = "<group>"; };
		1918CC78286F6C69004373F3 /* VerifyApiModel.swift */ = {isa = PBXFileReference; lastKnownFileType = sourcecode.swift; path = VerifyApiModel.swift; sourceTree = "<group>"; };
		1918CC7A286F6C83004373F3 /* GetProfileApiModel.swift */ = {isa = PBXFileReference; lastKnownFileType = sourcecode.swift; path = GetProfileApiModel.swift; sourceTree = "<group>"; };
		1918CC7C286F6CAC004373F3 /* GetBalanceApiModel.swift */ = {isa = PBXFileReference; lastKnownFileType = sourcecode.swift; path = GetBalanceApiModel.swift; sourceTree = "<group>"; };
		191B0C262865E5C1001CF3D9 /* Icons.swift */ = {isa = PBXFileReference; lastKnownFileType = sourcecode.swift; path = Icons.swift; sourceTree = "<group>"; };
		191B0C282865F119001CF3D9 /* Texts.swift */ = {isa = PBXFileReference; lastKnownFileType = sourcecode.swift; path = Texts.swift; sourceTree = "<group>"; };
		194B6179289546C9007F0B60 /* AsyncWork.swift */ = {isa = PBXFileReference; lastKnownFileType = sourcecode.swift; path = AsyncWork.swift; sourceTree = "<group>"; };
		194B617B28954BEC007F0B60 /* AsyncWorker.swift */ = {isa = PBXFileReference; lastKnownFileType = sourcecode.swift; path = AsyncWorker.swift; sourceTree = "<group>"; };
		194C095528759FD900D88D5B /* ViewModel+Stateable.swift */ = {isa = PBXFileReference; lastKnownFileType = sourcecode.swift; path = "ViewModel+Stateable.swift"; sourceTree = "<group>"; };
		1953DE802879FC55000DC537 /* SearchUserApiModel.swift */ = {isa = PBXFileReference; indentWidth = 2; lastKnownFileType = sourcecode.swift; path = SearchUserApiModel.swift; sourceTree = "<group>"; tabWidth = 2; };
		1953DE832879FDE3000DC537 /* TransactViewModel.swift */ = {isa = PBXFileReference; lastKnownFileType = sourcecode.swift; path = TransactViewModel.swift; sourceTree = "<group>"; };
		1953DE852879FE30000DC537 /* PickerViewModel.swift */ = {isa = PBXFileReference; lastKnownFileType = sourcecode.swift; path = PickerViewModel.swift; sourceTree = "<group>"; };
		1953DE87287B4574000DC537 /* Fonts.swift */ = {isa = PBXFileReference; lastKnownFileType = sourcecode.swift; path = Fonts.swift; sourceTree = "<group>"; };
		1953DE89287B4624000DC537 /* LabelStateBuilder.swift */ = {isa = PBXFileReference; lastKnownFileType = sourcecode.swift; path = LabelStateBuilder.swift; sourceTree = "<group>"; };
		1953DE8C287B4752000DC537 /* Typography.swift */ = {isa = PBXFileReference; lastKnownFileType = sourcecode.swift; path = Typography.swift; sourceTree = "<group>"; };
		1967509C286491190019A6DE /* Buttons.swift */ = {isa = PBXFileReference; lastKnownFileType = sourcecode.swift; path = Buttons.swift; sourceTree = "<group>"; };
		1967509E286492780019A6DE /* Labels.swift */ = {isa = PBXFileReference; lastKnownFileType = sourcecode.swift; path = Labels.swift; sourceTree = "<group>"; };
		196750A12865169C0019A6DE /* DigitalThanksScene.swift */ = {isa = PBXFileReference; indentWidth = 3; lastKnownFileType = sourcecode.swift; path = DigitalThanksScene.swift; sourceTree = "<group>"; tabWidth = 3; };
		196750A3286516E40019A6DE /* RegisterScene.swift */ = {isa = PBXFileReference; indentWidth = 3; lastKnownFileType = sourcecode.swift; path = RegisterScene.swift; sourceTree = "<group>"; tabWidth = 3; };
		196750A5286516F40019A6DE /* LoginScene.swift */ = {isa = PBXFileReference; indentWidth = 3; lastKnownFileType = sourcecode.swift; path = LoginScene.swift; sourceTree = "<group>"; tabWidth = 3; };
		196750A7286517070019A6DE /* VerifyCodeScene.swift */ = {isa = PBXFileReference; indentWidth = 3; lastKnownFileType = sourcecode.swift; path = VerifyCodeScene.swift; sourceTree = "<group>"; tabWidth = 3; };
		196750A9286517130019A6DE /* LoginSuccessScene.swift */ = {isa = PBXFileReference; indentWidth = 3; lastKnownFileType = sourcecode.swift; path = LoginSuccessScene.swift; sourceTree = "<group>"; tabWidth = 3; };
		196750AB2865189C0019A6DE /* TextFieldModel.swift */ = {isa = PBXFileReference; lastKnownFileType = sourcecode.swift; path = TextFieldModel.swift; sourceTree = "<group>"; };
		196750AF286518F80019A6DE /* StackWithBottomPanelModel.swift */ = {isa = PBXFileReference; lastKnownFileType = sourcecode.swift; path = StackWithBottomPanelModel.swift; sourceTree = "<group>"; };
		196750B12865190D0019A6DE /* ImageViewModel.swift */ = {isa = PBXFileReference; lastKnownFileType = sourcecode.swift; path = ImageViewModel.swift; sourceTree = "<group>"; };
		196750B3286519660019A6DE /* ProductionAsset.swift */ = {isa = PBXFileReference; lastKnownFileType = sourcecode.swift; path = ProductionAsset.swift; sourceTree = "<group>"; };
		199C4B6528624B4C008AD6FD /* Spacer.swift */ = {isa = PBXFileReference; lastKnownFileType = sourcecode.swift; path = Spacer.swift; sourceTree = "<group>"; };
		199C4B6828632834008AD6FD /* DesignProtocol.swift */ = {isa = PBXFileReference; lastKnownFileType = sourcecode.swift; path = DesignProtocol.swift; sourceTree = "<group>"; };
		199C4B6A2863292F008AD6FD /* ButtonModel.swift */ = {isa = PBXFileReference; indentWidth = 3; lastKnownFileType = sourcecode.swift; path = ButtonModel.swift; sourceTree = "<group>"; tabWidth = 3; };
		199C4B6C2863299E008AD6FD /* DesignSystem.swift */ = {isa = PBXFileReference; lastKnownFileType = sourcecode.swift; path = DesignSystem.swift; sourceTree = "<group>"; };
		19AE3AEE28691B2E00A0C6E4 /* MainScene.swift */ = {isa = PBXFileReference; indentWidth = 2; lastKnownFileType = sourcecode.swift; path = MainScene.swift; sourceTree = "<group>"; tabWidth = 2; };
		19AE3AF12869230C00A0C6E4 /* AuthApiModel.swift */ = {isa = PBXFileReference; lastKnownFileType = sourcecode.swift; path = AuthApiModel.swift; sourceTree = "<group>"; };
		19C1E97B285E7BC300E7976D /* Communicable.swift */ = {isa = PBXFileReference; fileEncoding = 4; lastKnownFileType = sourcecode.swift; path = Communicable.swift; sourceTree = "<group>"; };
		19C1E97E285E7C1200E7976D /* InitProtocol.swift */ = {isa = PBXFileReference; fileEncoding = 4; lastKnownFileType = sourcecode.swift; path = InitProtocol.swift; sourceTree = "<group>"; };
		19C1E980285E7C5500E7976D /* Lambda.swift */ = {isa = PBXFileReference; fileEncoding = 4; lastKnownFileType = sourcecode.swift; path = Lambda.swift; sourceTree = "<group>"; };
		19C1E985285F426B00E7976D /* EndpointProtocol.swift */ = {isa = PBXFileReference; fileEncoding = 4; lastKnownFileType = sourcecode.swift; path = EndpointProtocol.swift; sourceTree = "<group>"; };
		19C1E987285F426B00E7976D /* ApiEngineProtocol.swift */ = {isa = PBXFileReference; fileEncoding = 4; lastKnownFileType = sourcecode.swift; path = ApiEngineProtocol.swift; sourceTree = "<group>"; };
		19C1E988285F426B00E7976D /* TeamForceApi.swift */ = {isa = PBXFileReference; fileEncoding = 4; lastKnownFileType = sourcecode.swift; path = TeamForceApi.swift; sourceTree = "<group>"; };
		19C1E98A285F426B00E7976D /* TeamForceEndpoints.swift */ = {isa = PBXFileReference; fileEncoding = 4; lastKnownFileType = sourcecode.swift; path = TeamForceEndpoints.swift; sourceTree = "<group>"; };
		19C1E98B285F426B00E7976D /* ApiEngine.swift */ = {isa = PBXFileReference; fileEncoding = 4; lastKnownFileType = sourcecode.swift; path = ApiEngine.swift; sourceTree = "<group>"; };
		19C1E99628610E2800E7976D /* Model.swift */ = {isa = PBXFileReference; fileEncoding = 4; lastKnownFileType = sourcecode.swift; path = Model.swift; sourceTree = "<group>"; };
		19C1E99728610E2800E7976D /* RouterProtocol.swift */ = {isa = PBXFileReference; fileEncoding = 4; lastKnownFileType = sourcecode.swift; path = RouterProtocol.swift; sourceTree = "<group>"; };
		19C1E99828610E2800E7976D /* BaseVCModel.swift */ = {isa = PBXFileReference; fileEncoding = 4; lastKnownFileType = sourcecode.swift; path = BaseVCModel.swift; sourceTree = "<group>"; };
		19C1E99928610E2800E7976D /* SceneModelProtocol.swift */ = {isa = PBXFileReference; fileEncoding = 4; lastKnownFileType = sourcecode.swift; path = SceneModelProtocol.swift; sourceTree = "<group>"; };
		19C1E99A28610E2800E7976D /* ViewModel.swift */ = {isa = PBXFileReference; fileEncoding = 4; lastKnownFileType = sourcecode.swift; path = ViewModel.swift; sourceTree = "<group>"; };
		19C1E99B28610E2800E7976D /* AssetProtocol.swift */ = {isa = PBXFileReference; fileEncoding = 4; lastKnownFileType = sourcecode.swift; path = AssetProtocol.swift; sourceTree = "<group>"; };
		19C1E9A228610E4E00E7976D /* Router.swift */ = {isa = PBXFileReference; fileEncoding = 4; lastKnownFileType = sourcecode.swift; path = Router.swift; sourceTree = "<group>"; };
		19C1E9A528610EC600E7976D /* DefaultVCModel.swift */ = {isa = PBXFileReference; fileEncoding = 4; lastKnownFileType = sourcecode.swift; path = DefaultVCModel.swift; sourceTree = "<group>"; };
		19C1E9A82861167E00E7976D /* Anchors.swift */ = {isa = PBXFileReference; fileEncoding = 4; lastKnownFileType = sourcecode.swift; path = Anchors.swift; sourceTree = "<group>"; };
		19C1E9A92861167E00E7976D /* SimpleAnchors.swift */ = {isa = PBXFileReference; fileEncoding = 4; lastKnownFileType = sourcecode.swift; path = SimpleAnchors.swift; sourceTree = "<group>"; };
		19C1E9AA2861167E00E7976D /* ComplexAnchors.swift */ = {isa = PBXFileReference; fileEncoding = 4; lastKnownFileType = sourcecode.swift; path = ComplexAnchors.swift; sourceTree = "<group>"; };
		19D08350286F401000F75E4A /* SideBarUserModel.swift */ = {isa = PBXFileReference; lastKnownFileType = sourcecode.swift; path = SideBarUserModel.swift; sourceTree = "<group>"; };
		19D08352286F403400F75E4A /* SideBarModel.swift */ = {isa = PBXFileReference; indentWidth = 3; lastKnownFileType = sourcecode.swift; path = SideBarModel.swift; sourceTree = "<group>"; tabWidth = 3; };
		19D08354286F405500F75E4A /* DoubleLabelModel.swift */ = {isa = PBXFileReference; lastKnownFileType = sourcecode.swift; path = DoubleLabelModel.swift; sourceTree = "<group>"; };
		19D08356286F41B200F75E4A /* DoubleLabelPairModel.swift */ = {isa = PBXFileReference; lastKnownFileType = sourcecode.swift; path = DoubleLabelPairModel.swift; sourceTree = "<group>"; };
		19D08358286F41FA00F75E4A /* IconLabelHorizontalModel.swift */ = {isa = PBXFileReference; lastKnownFileType = sourcecode.swift; path = IconLabelHorizontalModel.swift; sourceTree = "<group>"; };
		19D0835A286F424000F75E4A /* LabelIconHorizontalModel.swift */ = {isa = PBXFileReference; lastKnownFileType = sourcecode.swift; path = LabelIconHorizontalModel.swift; sourceTree = "<group>"; };
		19D0835C286F428600F75E4A /* BarButtonModel.swift */ = {isa = PBXFileReference; lastKnownFileType = sourcecode.swift; path = BarButtonModel.swift; sourceTree = "<group>"; };
		19D0835E286F42C000F75E4A /* FrameCellModel.swift */ = {isa = PBXFileReference; lastKnownFileType = sourcecode.swift; path = FrameCellModel.swift; sourceTree = "<group>"; };
		19D08360286F430B00F75E4A /* Designable.swift */ = {isa = PBXFileReference; lastKnownFileType = sourcecode.swift; path = Designable.swift; sourceTree = "<group>"; };
		19DD3D94288766860085CDA8 /* LabelCellModel.swift */ = {isa = PBXFileReference; lastKnownFileType = sourcecode.swift; path = LabelCellModel.swift; sourceTree = "<group>"; };
		19DD3D96288A0A8C0085CDA8 /* CoverViewModel.swift */ = {isa = PBXFileReference; lastKnownFileType = sourcecode.swift; path = CoverViewModel.swift; sourceTree = "<group>"; };
		19ECD54028623D1F001765F6 /* LabelModel.swift */ = {isa = PBXFileReference; lastKnownFileType = sourcecode.swift; path = LabelModel.swift; sourceTree = "<group>"; };
		19ECD54228623D30001765F6 /* StackModel.swift */ = {isa = PBXFileReference; indentWidth = 3; lastKnownFileType = sourcecode.swift; path = StackModel.swift; sourceTree = "<group>"; tabWidth = 3; };
		19ECD54728623D9C001765F6 /* PaddingLabel.swift */ = {isa = PBXFileReference; lastKnownFileType = sourcecode.swift; path = PaddingLabel.swift; sourceTree = "<group>"; };
		19EF32AA287CE80B0078F53D /* StringStorageModel.swift */ = {isa = PBXFileReference; indentWidth = 3; lastKnownFileType = sourcecode.swift; path = StringStorageModel.swift; sourceTree = "<group>"; tabWidth = 3; };
		19EF32AD287E08F80078F53D /* Colors.swift */ = {isa = PBXFileReference; indentWidth = 4; lastKnownFileType = sourcecode.swift; path = Colors.swift; sourceTree = "<group>"; tabWidth = 4; };
		19EF32AF2884B6C80078F53D /* TableViewModel.swift */ = {isa = PBXFileReference; lastKnownFileType = sourcecode.swift; path = TableViewModel.swift; sourceTree = "<group>"; };
		634F4332288F4EE9003B2256 /* LogoutApiModel.swift */ = {isa = PBXFileReference; indentWidth = 3; lastKnownFileType = sourcecode.swift; path = LogoutApiModel.swift; sourceTree = "<group>"; tabWidth = 3; };
		6368D8212891508C0049EEAB /* ProfileViewModel.swift */ = {isa = PBXFileReference; lastKnownFileType = sourcecode.swift; path = ProfileViewModel.swift; sourceTree = "<group>"; };
		6368D823289168740049EEAB /* CustomCellModel.swift */ = {isa = PBXFileReference; lastKnownFileType = sourcecode.swift; path = CustomCellModel.swift; sourceTree = "<group>"; };
		6368D825289187B50049EEAB /* SendCoinApiModel.swift */ = {isa = PBXFileReference; lastKnownFileType = sourcecode.swift; path = SendCoinApiModel.swift; sourceTree = "<group>"; };
		6368D8272891E7C30049EEAB /* UserDefault+helpers.swift */ = {isa = PBXFileReference; lastKnownFileType = sourcecode.swift; path = "UserDefault+helpers.swift"; sourceTree = "<group>"; };
		63E1916C2889519E000FD312 /* BadgeModel.swift */ = {isa = PBXFileReference; lastKnownFileType = sourcecode.swift; path = BadgeModel.swift; sourceTree = "<group>"; };
/* End PBXFileReference section */

/* Begin PBXFrameworksBuildPhase section */
		190C1D0B285D15FF00FB3518 /* Frameworks */ = {
			isa = PBXFrameworksBuildPhase;
			buildActionMask = 2147483647;
			files = (
				1913F656286E1EC80033FAB3 /* RealmSwift in Frameworks */,
				19C1E9942860F05F00E7976D /* PromiseKit in Frameworks */,
				1953DE7F2878BCB5000DC537 /* SwiftKeychainWrapper in Frameworks */,
			);
			runOnlyForDeploymentPostprocessing = 0;
		};
		190C1D21285D160000FB3518 /* Frameworks */ = {
			isa = PBXFrameworksBuildPhase;
			buildActionMask = 2147483647;
			files = (
			);
			runOnlyForDeploymentPostprocessing = 0;
		};
/* End PBXFrameworksBuildPhase section */

/* Begin PBXGroup section */
		190C1D05285D15FF00FB3518 = {
			isa = PBXGroup;
			children = (
				190C1D10285D15FF00FB3518 /* TeamForce */,
				190C1D27285D160000FB3518 /* TeamForceTests */,
				190C1D0F285D15FF00FB3518 /* Products */,
			);
			sourceTree = "<group>";
		};
		190C1D0F285D15FF00FB3518 /* Products */ = {
			isa = PBXGroup;
			children = (
				190C1D0E285D15FF00FB3518 /* TeamForce.app */,
				190C1D24285D160000FB3518 /* TeamForceTests.xctest */,
			);
			name = Products;
			sourceTree = "<group>";
		};
		190C1D10285D15FF00FB3518 /* TeamForce */ = {
			isa = PBXGroup;
			children = (
				190C1D13285D15FF00FB3518 /* SceneDelegate.swift */,
				19C1E99B28610E2800E7976D /* AssetProtocol.swift */,
				196750B3286519660019A6DE /* ProductionAsset.swift */,
				194C095528759FD900D88D5B /* ViewModel+Stateable.swift */,
				6368D8272891E7C30049EEAB /* UserDefault+helpers.swift */,
				196750A02865168F0019A6DE /* Scenes */,
				199C4B6728632461008AD6FD /* DesignSystem */,
				19AE3AF0286922FC00A0C6E4 /* Models */,
				19C1E9A428610E6F00E7976D /* ViewModels */,
				19ECD54628623D92001765F6 /* Views */,
				19C1E99528610E1900E7976D /* Architecture */,
				19C1E97A285E7BC300E7976D /* Communicable */,
				19C1E983285F426B00E7976D /* Networking */,
				194B6178289546BF007F0B60 /* AsyncWorking */,
				19C1E97D285E7BF800E7976D /* Common */,
				19C1E9A72861167E00E7976D /* Anchors */,
				190C1D41285D195800FB3518 /* Main */,
				190C1D1F285D160000FB3518 /* Info.plist */,
			);
			path = TeamForce;
			sourceTree = "<group>";
		};
		190C1D27285D160000FB3518 /* TeamForceTests */ = {
			isa = PBXGroup;
			children = (
				190C1D28285D160000FB3518 /* TeamForceTests.swift */,
			);
			path = TeamForceTests;
			sourceTree = "<group>";
		};
		190C1D41285D195800FB3518 /* Main */ = {
			isa = PBXGroup;
			children = (
				190C1D11285D15FF00FB3518 /* AppDelegate.swift */,
				190C1D15285D15FF00FB3518 /* ViewController.swift */,
				190C1D1A285D160000FB3518 /* Assets.xcassets */,
				190C1D1C285D160000FB3518 /* LaunchScreen.storyboard */,
			);
			path = Main;
			sourceTree = "<group>";
		};
		194B6178289546BF007F0B60 /* AsyncWorking */ = {
			isa = PBXGroup;
			children = (
				194B6179289546C9007F0B60 /* AsyncWork.swift */,
				194B617B28954BEC007F0B60 /* AsyncWorker.swift */,
			);
			name = AsyncWorking;
			path = ..;
			sourceTree = "<group>";
		};
		1953DE822879FDB3000DC537 /* MainScene */ = {
			isa = PBXGroup;
			children = (
				1918CC76286F67EB004373F3 /* BalanceViewModel.swift */,
				1953DE832879FDE3000DC537 /* TransactViewModel.swift */,
				6368D8212891508C0049EEAB /* ProfileViewModel.swift */,
			);
			path = MainScene;
			sourceTree = "<group>";
		};
		1953DE8B287B4649000DC537 /* Typography */ = {
			isa = PBXGroup;
			children = (
				1953DE8C287B4752000DC537 /* Typography.swift */,
				1953DE87287B4574000DC537 /* Fonts.swift */,
				1953DE89287B4624000DC537 /* LabelStateBuilder.swift */,
				1967509E286492780019A6DE /* Labels.swift */,
			);
			path = Typography;
			sourceTree = "<group>";
		};
		196750A02865168F0019A6DE /* Scenes */ = {
			isa = PBXGroup;
			children = (
				196750A12865169C0019A6DE /* DigitalThanksScene.swift */,
				196750A5286516F40019A6DE /* LoginScene.swift */,
				196750A3286516E40019A6DE /* RegisterScene.swift */,
				196750A7286517070019A6DE /* VerifyCodeScene.swift */,
				196750A9286517130019A6DE /* LoginSuccessScene.swift */,
				19AE3AEE28691B2E00A0C6E4 /* MainScene.swift */,
			);
			path = Scenes;
			sourceTree = "<group>";
		};
		199C4B6728632461008AD6FD /* DesignSystem */ = {
			isa = PBXGroup;
			children = (
				1953DE8B287B4649000DC537 /* Typography */,
				199C4B6828632834008AD6FD /* DesignProtocol.swift */,
				199C4B6C2863299E008AD6FD /* DesignSystem.swift */,
				1967509C286491190019A6DE /* Buttons.swift */,
				191B0C262865E5C1001CF3D9 /* Icons.swift */,
				191B0C282865F119001CF3D9 /* Texts.swift */,
				19EF32AD287E08F80078F53D /* Colors.swift */,
				19D08360286F430B00F75E4A /* Designable.swift */,
			);
			path = DesignSystem;
			sourceTree = "<group>";
		};
		19AE3AF0286922FC00A0C6E4 /* Models */ = {
			isa = PBXGroup;
			children = (
				19EF32AC287CE8140078F53D /* ApiModels */,
				19EF32AA287CE80B0078F53D /* StringStorageModel.swift */,
			);
			path = Models;
			sourceTree = "<group>";
		};
		19C1E97A285E7BC300E7976D /* Communicable */ = {
			isa = PBXGroup;
			children = (
				19C1E97B285E7BC300E7976D /* Communicable.swift */,
			);
			path = Communicable;
			sourceTree = "<group>";
		};
		19C1E97D285E7BF800E7976D /* Common */ = {
			isa = PBXGroup;
			children = (
				19C1E980285E7C5500E7976D /* Lambda.swift */,
				19C1E97E285E7C1200E7976D /* InitProtocol.swift */,
			);
			path = Common;
			sourceTree = "<group>";
		};
		19C1E983285F426B00E7976D /* Networking */ = {
			isa = PBXGroup;
			children = (
				19C1E98A285F426B00E7976D /* TeamForceEndpoints.swift */,
				19C1E984285F426B00E7976D /* Abstract */,
				19C1E988285F426B00E7976D /* TeamForceApi.swift */,
				19C1E98B285F426B00E7976D /* ApiEngine.swift */,
			);
			path = Networking;
			sourceTree = "<group>";
		};
		19C1E984285F426B00E7976D /* Abstract */ = {
			isa = PBXGroup;
			children = (
				19C1E985285F426B00E7976D /* EndpointProtocol.swift */,
				19C1E987285F426B00E7976D /* ApiEngineProtocol.swift */,
			);
			path = Abstract;
			sourceTree = "<group>";
		};
		19C1E99528610E1900E7976D /* Architecture */ = {
			isa = PBXGroup;
			children = (
				19C1E9A228610E4E00E7976D /* Router.swift */,
				19C1E99828610E2800E7976D /* BaseVCModel.swift */,
				19C1E99628610E2800E7976D /* Model.swift */,
				19C1E99728610E2800E7976D /* RouterProtocol.swift */,
				19C1E99928610E2800E7976D /* SceneModelProtocol.swift */,
				19C1E99A28610E2800E7976D /* ViewModel.swift */,
			);
			path = Architecture;
			sourceTree = "<group>";
		};
		19C1E9A428610E6F00E7976D /* ViewModels */ = {
			isa = PBXGroup;
			children = (
				19DD3D93288766770085CDA8 /* TableModels */,
				1953DE822879FDB3000DC537 /* MainScene */,
				19D0835C286F428600F75E4A /* BarButtonModel.swift */,
				19C1E9A528610EC600E7976D /* DefaultVCModel.swift */,
				19ECD54228623D30001765F6 /* StackModel.swift */,
				19ECD54028623D1F001765F6 /* LabelModel.swift */,
				199C4B6A2863292F008AD6FD /* ButtonModel.swift */,
				196750AB2865189C0019A6DE /* TextFieldModel.swift */,
				196750AF286518F80019A6DE /* StackWithBottomPanelModel.swift */,
				196750B12865190D0019A6DE /* ImageViewModel.swift */,
				199C4B6528624B4C008AD6FD /* Spacer.swift */,
				19D08350286F401000F75E4A /* SideBarUserModel.swift */,
				19D08352286F403400F75E4A /* SideBarModel.swift */,
				19D08354286F405500F75E4A /* DoubleLabelModel.swift */,
				19D08356286F41B200F75E4A /* DoubleLabelPairModel.swift */,
				19D08358286F41FA00F75E4A /* IconLabelHorizontalModel.swift */,
				19D0835A286F424000F75E4A /* LabelIconHorizontalModel.swift */,
				19D0835E286F42C000F75E4A /* FrameCellModel.swift */,
				1953DE852879FE30000DC537 /* PickerViewModel.swift */,
				19DD3D96288A0A8C0085CDA8 /* CoverViewModel.swift */,
				63E1916C2889519E000FD312 /* BadgeModel.swift */,
			);
			path = ViewModels;
			sourceTree = "<group>";
		};
		19C1E9A72861167E00E7976D /* Anchors */ = {
			isa = PBXGroup;
			children = (
				19C1E9A82861167E00E7976D /* Anchors.swift */,
				19C1E9A92861167E00E7976D /* SimpleAnchors.swift */,
				19C1E9AA2861167E00E7976D /* ComplexAnchors.swift */,
			);
			path = Anchors;
			sourceTree = "<group>";
		};
		19DD3D93288766770085CDA8 /* TableModels */ = {
			isa = PBXGroup;
			children = (
				19EF32AF2884B6C80078F53D /* TableViewModel.swift */,
				19DD3D94288766860085CDA8 /* LabelCellModel.swift */,
				6368D823289168740049EEAB /* CustomCellModel.swift */,
			);
			path = TableModels;
			sourceTree = "<group>";
		};
		19ECD54628623D92001765F6 /* Views */ = {
			isa = PBXGroup;
			children = (
				19ECD54728623D9C001765F6 /* PaddingLabel.swift */,
			);
			path = Views;
			sourceTree = "<group>";
		};
		19EF32AC287CE8140078F53D /* ApiModels */ = {
			isa = PBXGroup;
			children = (
				19AE3AF12869230C00A0C6E4 /* AuthApiModel.swift */,
				1918CC7C286F6CAC004373F3 /* GetBalanceApiModel.swift */,
				1918CC7A286F6C83004373F3 /* GetProfileApiModel.swift */,
				1918CC78286F6C69004373F3 /* VerifyApiModel.swift */,
				1953DE802879FC55000DC537 /* SearchUserApiModel.swift */,
				634F4332288F4EE9003B2256 /* LogoutApiModel.swift */,
				6368D825289187B50049EEAB /* SendCoinApiModel.swift */,
			);
			path = ApiModels;
			sourceTree = "<group>";
		};
/* End PBXGroup section */

/* Begin PBXNativeTarget section */
		190C1D0D285D15FF00FB3518 /* TeamForce */ = {
			isa = PBXNativeTarget;
			buildConfigurationList = 190C1D38285D160000FB3518 /* Build configuration list for PBXNativeTarget "TeamForce" */;
			buildPhases = (
				190C1D0A285D15FF00FB3518 /* Sources */,
				190C1D0B285D15FF00FB3518 /* Frameworks */,
				190C1D0C285D15FF00FB3518 /* Resources */,
			);
			buildRules = (
			);
			dependencies = (
			);
			name = TeamForce;
			packageProductDependencies = (
				19C1E9932860F05F00E7976D /* PromiseKit */,
				1913F655286E1EC80033FAB3 /* RealmSwift */,
				1953DE7E2878BCB5000DC537 /* SwiftKeychainWrapper */,
			);
			productName = TeamForce;
			productReference = 190C1D0E285D15FF00FB3518 /* TeamForce.app */;
			productType = "com.apple.product-type.application";
		};
		190C1D23285D160000FB3518 /* TeamForceTests */ = {
			isa = PBXNativeTarget;
			buildConfigurationList = 190C1D3B285D160000FB3518 /* Build configuration list for PBXNativeTarget "TeamForceTests" */;
			buildPhases = (
				190C1D20285D160000FB3518 /* Sources */,
				190C1D21285D160000FB3518 /* Frameworks */,
				190C1D22285D160000FB3518 /* Resources */,
			);
			buildRules = (
			);
			dependencies = (
				190C1D26285D160000FB3518 /* PBXTargetDependency */,
			);
			name = TeamForceTests;
			productName = TeamForceTests;
			productReference = 190C1D24285D160000FB3518 /* TeamForceTests.xctest */;
			productType = "com.apple.product-type.bundle.unit-test";
		};
/* End PBXNativeTarget section */

/* Begin PBXProject section */
		190C1D06285D15FF00FB3518 /* Project object */ = {
			isa = PBXProject;
			attributes = {
				BuildIndependentTargetsInParallel = 1;
				LastSwiftUpdateCheck = 1340;
				LastUpgradeCheck = 1340;
				TargetAttributes = {
					190C1D0D285D15FF00FB3518 = {
						CreatedOnToolsVersion = 13.4.1;
					};
					190C1D23285D160000FB3518 = {
						CreatedOnToolsVersion = 13.4.1;
						TestTargetID = 190C1D0D285D15FF00FB3518;
					};
				};
			};
			buildConfigurationList = 190C1D09285D15FF00FB3518 /* Build configuration list for PBXProject "TeamForce" */;
			compatibilityVersion = "Xcode 13.0";
			developmentRegion = en;
			hasScannedForEncodings = 0;
			knownRegions = (
				en,
				Base,
			);
			mainGroup = 190C1D05285D15FF00FB3518;
			packageReferences = (
				19C1E9922860F05F00E7976D /* XCRemoteSwiftPackageReference "PromiseKit" */,
				1913F654286E1EC80033FAB3 /* XCRemoteSwiftPackageReference "realm-swift" */,
				1953DE7D2878BCB5000DC537 /* XCRemoteSwiftPackageReference "SwiftKeychainWrapper" */,
			);
			productRefGroup = 190C1D0F285D15FF00FB3518 /* Products */;
			projectDirPath = "";
			projectRoot = "";
			targets = (
				190C1D0D285D15FF00FB3518 /* TeamForce */,
				190C1D23285D160000FB3518 /* TeamForceTests */,
			);
		};
/* End PBXProject section */

/* Begin PBXResourcesBuildPhase section */
		190C1D0C285D15FF00FB3518 /* Resources */ = {
			isa = PBXResourcesBuildPhase;
			buildActionMask = 2147483647;
			files = (
				190C1D1E285D160000FB3518 /* LaunchScreen.storyboard in Resources */,
				190C1D1B285D160000FB3518 /* Assets.xcassets in Resources */,
			);
			runOnlyForDeploymentPostprocessing = 0;
		};
		190C1D22285D160000FB3518 /* Resources */ = {
			isa = PBXResourcesBuildPhase;
			buildActionMask = 2147483647;
			files = (
			);
			runOnlyForDeploymentPostprocessing = 0;
		};
/* End PBXResourcesBuildPhase section */

/* Begin PBXSourcesBuildPhase section */
		190C1D0A285D15FF00FB3518 /* Sources */ = {
			isa = PBXSourcesBuildPhase;
			buildActionMask = 2147483647;
			files = (
				194C095628759FD900D88D5B /* ViewModel+Stateable.swift in Sources */,
				199C4B6D2863299E008AD6FD /* DesignSystem.swift in Sources */,
				19AE3AEF28691B2E00A0C6E4 /* MainScene.swift in Sources */,
				19C1E981285E7C5500E7976D /* Lambda.swift in Sources */,
				19C1E98F285F426B00E7976D /* TeamForceApi.swift in Sources */,
				199C4B6928632834008AD6FD /* DesignProtocol.swift in Sources */,
				19C1E9AB2861167E00E7976D /* Anchors.swift in Sources */,
				1953DE88287B4574000DC537 /* Fonts.swift in Sources */,
				19D0835B286F424000F75E4A /* LabelIconHorizontalModel.swift in Sources */,
				196750B22865190D0019A6DE /* ImageViewModel.swift in Sources */,
				1967509D286491190019A6DE /* Buttons.swift in Sources */,
				199C4B6628624B4C008AD6FD /* Spacer.swift in Sources */,
				19C1E99F28610E2800E7976D /* SceneModelProtocol.swift in Sources */,
				196750A22865169C0019A6DE /* DigitalThanksScene.swift in Sources */,
				19C1E991285F426B00E7976D /* ApiEngine.swift in Sources */,
				19EF32B02884B6C80078F53D /* TableViewModel.swift in Sources */,
				19DD3D97288A0A8C0085CDA8 /* CoverViewModel.swift in Sources */,
				191B0C292865F119001CF3D9 /* Texts.swift in Sources */,
				19D08355286F405500F75E4A /* DoubleLabelModel.swift in Sources */,
				6368D8282891E7C40049EEAB /* UserDefault+helpers.swift in Sources */,
				63E1916D2889519E000FD312 /* BadgeModel.swift in Sources */,
				19C1E9A328610E4E00E7976D /* Router.swift in Sources */,
				194B617C28954BEC007F0B60 /* AsyncWorker.swift in Sources */,
				19AE3AF22869230C00A0C6E4 /* AuthApiModel.swift in Sources */,
				19D08351286F401000F75E4A /* SideBarUserModel.swift in Sources */,
				19D0835F286F42C000F75E4A /* FrameCellModel.swift in Sources */,
				196750A4286516E40019A6DE /* RegisterScene.swift in Sources */,
				19C1E99C28610E2800E7976D /* Model.swift in Sources */,
				191B0C272865E5C1001CF3D9 /* Icons.swift in Sources */,
				19EF32AB287CE80B0078F53D /* StringStorageModel.swift in Sources */,
				19C1E9AC2861167E00E7976D /* SimpleAnchors.swift in Sources */,
				196750A6286516F40019A6DE /* LoginScene.swift in Sources */,
				1953DE8A287B4624000DC537 /* LabelStateBuilder.swift in Sources */,
				6368D826289187B50049EEAB /* SendCoinApiModel.swift in Sources */,
				1918CC7D286F6CAC004373F3 /* GetBalanceApiModel.swift in Sources */,
				196750A8286517070019A6DE /* VerifyCodeScene.swift in Sources */,
				19D08357286F41B200F75E4A /* DoubleLabelPairModel.swift in Sources */,
				19DD3D95288766860085CDA8 /* LabelCellModel.swift in Sources */,
				1967509F286492780019A6DE /* Labels.swift in Sources */,
				19C1E98E285F426B00E7976D /* ApiEngineProtocol.swift in Sources */,
				6368D824289168740049EEAB /* CustomCellModel.swift in Sources */,
				1918CC77286F67EB004373F3 /* BalanceViewModel.swift in Sources */,
				19C1E9A628610EC600E7976D /* DefaultVCModel.swift in Sources */,
				19D08361286F430B00F75E4A /* Designable.swift in Sources */,
				1918CC79286F6C69004373F3 /* VerifyApiModel.swift in Sources */,
				19C1E9A028610E2800E7976D /* ViewModel.swift in Sources */,
				1953DE842879FDE3000DC537 /* TransactViewModel.swift in Sources */,
				19ECD54828623D9C001765F6 /* PaddingLabel.swift in Sources */,
				19C1E97C285E7BC300E7976D /* Communicable.swift in Sources */,
				634F4333288F4EE9003B2256 /* LogoutApiModel.swift in Sources */,
				19C1E9A128610E2800E7976D /* AssetProtocol.swift in Sources */,
				190C1D16285D15FF00FB3518 /* ViewController.swift in Sources */,
				19C1E99E28610E2800E7976D /* BaseVCModel.swift in Sources */,
				19C1E97F285E7C1200E7976D /* InitProtocol.swift in Sources */,
				19ECD54128623D1F001765F6 /* LabelModel.swift in Sources */,
				19C1E99D28610E2800E7976D /* RouterProtocol.swift in Sources */,
				194B617A289546C9007F0B60 /* AsyncWork.swift in Sources */,
				196750B0286518F80019A6DE /* StackWithBottomPanelModel.swift in Sources */,
				199C4B6B2863292F008AD6FD /* ButtonModel.swift in Sources */,
				19ECD54328623D30001765F6 /* StackModel.swift in Sources */,
				196750AA286517130019A6DE /* LoginSuccessScene.swift in Sources */,
				19C1E990285F426B00E7976D /* TeamForceEndpoints.swift in Sources */,
				1953DE862879FE30000DC537 /* PickerViewModel.swift in Sources */,
				190C1D12285D15FF00FB3518 /* AppDelegate.swift in Sources */,
				190C1D14285D15FF00FB3518 /* SceneDelegate.swift in Sources */,
				1953DE812879FC55000DC537 /* SearchUserApiModel.swift in Sources */,
				19EF32AE287E08F80078F53D /* Colors.swift in Sources */,
				19D08353286F403400F75E4A /* SideBarModel.swift in Sources */,
				19D08359286F41FA00F75E4A /* IconLabelHorizontalModel.swift in Sources */,
				1953DE8D287B4752000DC537 /* Typography.swift in Sources */,
				19C1E98C285F426B00E7976D /* EndpointProtocol.swift in Sources */,
				196750B4286519660019A6DE /* ProductionAsset.swift in Sources */,
				1918CC7B286F6C84004373F3 /* GetProfileApiModel.swift in Sources */,
				19D0835D286F428600F75E4A /* BarButtonModel.swift in Sources */,
				196750AC2865189C0019A6DE /* TextFieldModel.swift in Sources */,
				19C1E9AD2861167E00E7976D /* ComplexAnchors.swift in Sources */,
				6368D8222891508C0049EEAB /* ProfileViewModel.swift in Sources */,
			);
			runOnlyForDeploymentPostprocessing = 0;
		};
		190C1D20285D160000FB3518 /* Sources */ = {
			isa = PBXSourcesBuildPhase;
			buildActionMask = 2147483647;
			files = (
				190C1D29285D160000FB3518 /* TeamForceTests.swift in Sources */,
			);
			runOnlyForDeploymentPostprocessing = 0;
		};
/* End PBXSourcesBuildPhase section */

/* Begin PBXTargetDependency section */
		190C1D26285D160000FB3518 /* PBXTargetDependency */ = {
			isa = PBXTargetDependency;
			target = 190C1D0D285D15FF00FB3518 /* TeamForce */;
			targetProxy = 190C1D25285D160000FB3518 /* PBXContainerItemProxy */;
		};
/* End PBXTargetDependency section */

/* Begin PBXVariantGroup section */
		190C1D1C285D160000FB3518 /* LaunchScreen.storyboard */ = {
			isa = PBXVariantGroup;
			children = (
				190C1D1D285D160000FB3518 /* Base */,
			);
			name = LaunchScreen.storyboard;
			sourceTree = "<group>";
		};
/* End PBXVariantGroup section */

/* Begin XCBuildConfiguration section */
		190C1D36285D160000FB3518 /* Debug */ = {
			isa = XCBuildConfiguration;
			buildSettings = {
				ALWAYS_SEARCH_USER_PATHS = NO;
				CLANG_ANALYZER_NONNULL = YES;
				CLANG_ANALYZER_NUMBER_OBJECT_CONVERSION = YES_AGGRESSIVE;
				CLANG_CXX_LANGUAGE_STANDARD = "gnu++17";
				CLANG_ENABLE_MODULES = YES;
				CLANG_ENABLE_OBJC_ARC = YES;
				CLANG_ENABLE_OBJC_WEAK = YES;
				CLANG_WARN_BLOCK_CAPTURE_AUTORELEASING = YES;
				CLANG_WARN_BOOL_CONVERSION = YES;
				CLANG_WARN_COMMA = YES;
				CLANG_WARN_CONSTANT_CONVERSION = YES;
				CLANG_WARN_DEPRECATED_OBJC_IMPLEMENTATIONS = YES;
				CLANG_WARN_DIRECT_OBJC_ISA_USAGE = YES_ERROR;
				CLANG_WARN_DOCUMENTATION_COMMENTS = YES;
				CLANG_WARN_EMPTY_BODY = YES;
				CLANG_WARN_ENUM_CONVERSION = YES;
				CLANG_WARN_INFINITE_RECURSION = YES;
				CLANG_WARN_INT_CONVERSION = YES;
				CLANG_WARN_NON_LITERAL_NULL_CONVERSION = YES;
				CLANG_WARN_OBJC_IMPLICIT_RETAIN_SELF = YES;
				CLANG_WARN_OBJC_LITERAL_CONVERSION = YES;
				CLANG_WARN_OBJC_ROOT_CLASS = YES_ERROR;
				CLANG_WARN_QUOTED_INCLUDE_IN_FRAMEWORK_HEADER = YES;
				CLANG_WARN_RANGE_LOOP_ANALYSIS = YES;
				CLANG_WARN_STRICT_PROTOTYPES = YES;
				CLANG_WARN_SUSPICIOUS_MOVE = YES;
				CLANG_WARN_UNGUARDED_AVAILABILITY = YES_AGGRESSIVE;
				CLANG_WARN_UNREACHABLE_CODE = YES;
				CLANG_WARN__DUPLICATE_METHOD_MATCH = YES;
				COPY_PHASE_STRIP = NO;
				DEBUG_INFORMATION_FORMAT = dwarf;
				ENABLE_STRICT_OBJC_MSGSEND = YES;
				ENABLE_TESTABILITY = YES;
				GCC_C_LANGUAGE_STANDARD = gnu11;
				GCC_DYNAMIC_NO_PIC = NO;
				GCC_NO_COMMON_BLOCKS = YES;
				GCC_OPTIMIZATION_LEVEL = 0;
				GCC_PREPROCESSOR_DEFINITIONS = (
					"DEBUG=1",
					"$(inherited)",
				);
				GCC_WARN_64_TO_32_BIT_CONVERSION = YES;
				GCC_WARN_ABOUT_RETURN_TYPE = YES_ERROR;
				GCC_WARN_UNDECLARED_SELECTOR = YES;
				GCC_WARN_UNINITIALIZED_AUTOS = YES_AGGRESSIVE;
				GCC_WARN_UNUSED_FUNCTION = YES;
				GCC_WARN_UNUSED_VARIABLE = YES;
				IPHONEOS_DEPLOYMENT_TARGET = 15.5;
				MTL_ENABLE_DEBUG_INFO = INCLUDE_SOURCE;
				MTL_FAST_MATH = YES;
				ONLY_ACTIVE_ARCH = YES;
				SDKROOT = iphoneos;
				SWIFT_ACTIVE_COMPILATION_CONDITIONS = DEBUG;
				SWIFT_OPTIMIZATION_LEVEL = "-Onone";
			};
			name = Debug;
		};
		190C1D37285D160000FB3518 /* Release */ = {
			isa = XCBuildConfiguration;
			buildSettings = {
				ALWAYS_SEARCH_USER_PATHS = NO;
				CLANG_ANALYZER_NONNULL = YES;
				CLANG_ANALYZER_NUMBER_OBJECT_CONVERSION = YES_AGGRESSIVE;
				CLANG_CXX_LANGUAGE_STANDARD = "gnu++17";
				CLANG_ENABLE_MODULES = YES;
				CLANG_ENABLE_OBJC_ARC = YES;
				CLANG_ENABLE_OBJC_WEAK = YES;
				CLANG_WARN_BLOCK_CAPTURE_AUTORELEASING = YES;
				CLANG_WARN_BOOL_CONVERSION = YES;
				CLANG_WARN_COMMA = YES;
				CLANG_WARN_CONSTANT_CONVERSION = YES;
				CLANG_WARN_DEPRECATED_OBJC_IMPLEMENTATIONS = YES;
				CLANG_WARN_DIRECT_OBJC_ISA_USAGE = YES_ERROR;
				CLANG_WARN_DOCUMENTATION_COMMENTS = YES;
				CLANG_WARN_EMPTY_BODY = YES;
				CLANG_WARN_ENUM_CONVERSION = YES;
				CLANG_WARN_INFINITE_RECURSION = YES;
				CLANG_WARN_INT_CONVERSION = YES;
				CLANG_WARN_NON_LITERAL_NULL_CONVERSION = YES;
				CLANG_WARN_OBJC_IMPLICIT_RETAIN_SELF = YES;
				CLANG_WARN_OBJC_LITERAL_CONVERSION = YES;
				CLANG_WARN_OBJC_ROOT_CLASS = YES_ERROR;
				CLANG_WARN_QUOTED_INCLUDE_IN_FRAMEWORK_HEADER = YES;
				CLANG_WARN_RANGE_LOOP_ANALYSIS = YES;
				CLANG_WARN_STRICT_PROTOTYPES = YES;
				CLANG_WARN_SUSPICIOUS_MOVE = YES;
				CLANG_WARN_UNGUARDED_AVAILABILITY = YES_AGGRESSIVE;
				CLANG_WARN_UNREACHABLE_CODE = YES;
				CLANG_WARN__DUPLICATE_METHOD_MATCH = YES;
				COPY_PHASE_STRIP = NO;
				DEBUG_INFORMATION_FORMAT = "dwarf-with-dsym";
				ENABLE_NS_ASSERTIONS = NO;
				ENABLE_STRICT_OBJC_MSGSEND = YES;
				GCC_C_LANGUAGE_STANDARD = gnu11;
				GCC_NO_COMMON_BLOCKS = YES;
				GCC_WARN_64_TO_32_BIT_CONVERSION = YES;
				GCC_WARN_ABOUT_RETURN_TYPE = YES_ERROR;
				GCC_WARN_UNDECLARED_SELECTOR = YES;
				GCC_WARN_UNINITIALIZED_AUTOS = YES_AGGRESSIVE;
				GCC_WARN_UNUSED_FUNCTION = YES;
				GCC_WARN_UNUSED_VARIABLE = YES;
				IPHONEOS_DEPLOYMENT_TARGET = 15.5;
				MTL_ENABLE_DEBUG_INFO = NO;
				MTL_FAST_MATH = YES;
				SDKROOT = iphoneos;
				SWIFT_COMPILATION_MODE = wholemodule;
				SWIFT_OPTIMIZATION_LEVEL = "-O";
				VALIDATE_PRODUCT = YES;
			};
			name = Release;
		};
		190C1D39285D160000FB3518 /* Debug */ = {
			isa = XCBuildConfiguration;
			buildSettings = {
				ASSETCATALOG_COMPILER_APPICON_NAME = AppIcon;
				ASSETCATALOG_COMPILER_GLOBAL_ACCENT_COLOR_NAME = AccentColor;
				CODE_SIGN_STYLE = Manual;
				CURRENT_PROJECT_VERSION = 1;
				DEVELOPMENT_TEAM = "";
				GENERATE_INFOPLIST_FILE = YES;
				INFOPLIST_FILE = TeamForce/Info.plist;
				INFOPLIST_KEY_UIApplicationSupportsIndirectInputEvents = YES;
				INFOPLIST_KEY_UILaunchStoryboardName = LaunchScreen;
				INFOPLIST_KEY_UISupportedInterfaceOrientations = UIInterfaceOrientationPortrait;
				INFOPLIST_KEY_UISupportedInterfaceOrientations_iPad = "UIInterfaceOrientationPortrait UIInterfaceOrientationPortraitUpsideDown UIInterfaceOrientationLandscapeLeft UIInterfaceOrientationLandscapeRight";
				INFOPLIST_KEY_UISupportedInterfaceOrientations_iPhone = "UIInterfaceOrientationPortrait UIInterfaceOrientationLandscapeLeft UIInterfaceOrientationLandscapeRight";
				IPHONEOS_DEPLOYMENT_TARGET = 13.0;
				LD_RUNPATH_SEARCH_PATHS = (
					"$(inherited)",
					"@executable_path/Frameworks",
				);
				MARKETING_VERSION = 1.0;
				PRODUCT_BUNDLE_IDENTIFIER = TeamForce.DigitalThanks;
				PRODUCT_NAME = "$(TARGET_NAME)";
				PROVISIONING_PROFILE_SPECIFIER = "";
				SWIFT_EMIT_LOC_STRINGS = YES;
				SWIFT_VERSION = 5.0;
				TARGETED_DEVICE_FAMILY = 1;
			};
			name = Debug;
		};
		190C1D3A285D160000FB3518 /* Release */ = {
			isa = XCBuildConfiguration;
			buildSettings = {
				ASSETCATALOG_COMPILER_APPICON_NAME = AppIcon;
				ASSETCATALOG_COMPILER_GLOBAL_ACCENT_COLOR_NAME = AccentColor;
				CODE_SIGN_STYLE = Manual;
				CURRENT_PROJECT_VERSION = 1;
				DEVELOPMENT_TEAM = "";
				GENERATE_INFOPLIST_FILE = YES;
				INFOPLIST_FILE = TeamForce/Info.plist;
				INFOPLIST_KEY_UIApplicationSupportsIndirectInputEvents = YES;
				INFOPLIST_KEY_UILaunchStoryboardName = LaunchScreen;
				INFOPLIST_KEY_UISupportedInterfaceOrientations = UIInterfaceOrientationPortrait;
				INFOPLIST_KEY_UISupportedInterfaceOrientations_iPad = "UIInterfaceOrientationPortrait UIInterfaceOrientationPortraitUpsideDown UIInterfaceOrientationLandscapeLeft UIInterfaceOrientationLandscapeRight";
				INFOPLIST_KEY_UISupportedInterfaceOrientations_iPhone = "UIInterfaceOrientationPortrait UIInterfaceOrientationLandscapeLeft UIInterfaceOrientationLandscapeRight";
				IPHONEOS_DEPLOYMENT_TARGET = 13.0;
				LD_RUNPATH_SEARCH_PATHS = (
					"$(inherited)",
					"@executable_path/Frameworks",
				);
				MARKETING_VERSION = 1.0;
				PRODUCT_BUNDLE_IDENTIFIER = TeamForce.DigitalThanks;
				PRODUCT_NAME = "$(TARGET_NAME)";
				PROVISIONING_PROFILE_SPECIFIER = "";
				SWIFT_EMIT_LOC_STRINGS = YES;
				SWIFT_VERSION = 5.0;
				TARGETED_DEVICE_FAMILY = 1;
			};
			name = Release;
		};
		190C1D3C285D160000FB3518 /* Debug */ = {
			isa = XCBuildConfiguration;
			buildSettings = {
				ALWAYS_EMBED_SWIFT_STANDARD_LIBRARIES = YES;
				BUNDLE_LOADER = "$(TEST_HOST)";
				CODE_SIGN_STYLE = Automatic;
				CURRENT_PROJECT_VERSION = 1;
				DEVELOPMENT_TEAM = 6MKP9BQB2K;
				GENERATE_INFOPLIST_FILE = YES;
				IPHONEOS_DEPLOYMENT_TARGET = 15.5;
				MARKETING_VERSION = 1.0;
				PRODUCT_BUNDLE_IDENTIFIER = XYZProject.TeamForceTests;
				PRODUCT_NAME = "$(TARGET_NAME)";
				SWIFT_EMIT_LOC_STRINGS = NO;
				SWIFT_VERSION = 5.0;
				TARGETED_DEVICE_FAMILY = "1,2";
				TEST_HOST = "$(BUILT_PRODUCTS_DIR)/TeamForce.app/TeamForce";
			};
			name = Debug;
		};
		190C1D3D285D160000FB3518 /* Release */ = {
			isa = XCBuildConfiguration;
			buildSettings = {
				ALWAYS_EMBED_SWIFT_STANDARD_LIBRARIES = YES;
				BUNDLE_LOADER = "$(TEST_HOST)";
				CODE_SIGN_STYLE = Automatic;
				CURRENT_PROJECT_VERSION = 1;
				DEVELOPMENT_TEAM = 6MKP9BQB2K;
				GENERATE_INFOPLIST_FILE = YES;
				IPHONEOS_DEPLOYMENT_TARGET = 15.5;
				MARKETING_VERSION = 1.0;
				PRODUCT_BUNDLE_IDENTIFIER = XYZProject.TeamForceTests;
				PRODUCT_NAME = "$(TARGET_NAME)";
				SWIFT_EMIT_LOC_STRINGS = NO;
				SWIFT_VERSION = 5.0;
				TARGETED_DEVICE_FAMILY = "1,2";
				TEST_HOST = "$(BUILT_PRODUCTS_DIR)/TeamForce.app/TeamForce";
			};
			name = Release;
		};
/* End XCBuildConfiguration section */

/* Begin XCConfigurationList section */
		190C1D09285D15FF00FB3518 /* Build configuration list for PBXProject "TeamForce" */ = {
			isa = XCConfigurationList;
			buildConfigurations = (
				190C1D36285D160000FB3518 /* Debug */,
				190C1D37285D160000FB3518 /* Release */,
			);
			defaultConfigurationIsVisible = 0;
			defaultConfigurationName = Release;
		};
		190C1D38285D160000FB3518 /* Build configuration list for PBXNativeTarget "TeamForce" */ = {
			isa = XCConfigurationList;
			buildConfigurations = (
				190C1D39285D160000FB3518 /* Debug */,
				190C1D3A285D160000FB3518 /* Release */,
			);
			defaultConfigurationIsVisible = 0;
			defaultConfigurationName = Release;
		};
		190C1D3B285D160000FB3518 /* Build configuration list for PBXNativeTarget "TeamForceTests" */ = {
			isa = XCConfigurationList;
			buildConfigurations = (
				190C1D3C285D160000FB3518 /* Debug */,
				190C1D3D285D160000FB3518 /* Release */,
			);
			defaultConfigurationIsVisible = 0;
			defaultConfigurationName = Release;
		};
/* End XCConfigurationList section */

/* Begin XCRemoteSwiftPackageReference section */
		1913F654286E1EC80033FAB3 /* XCRemoteSwiftPackageReference "realm-swift" */ = {
			isa = XCRemoteSwiftPackageReference;
			repositoryURL = "https://github.com/realm/realm-swift";
			requirement = {
				branch = master;
				kind = branch;
			};
		};
		1953DE7D2878BCB5000DC537 /* XCRemoteSwiftPackageReference "SwiftKeychainWrapper" */ = {
			isa = XCRemoteSwiftPackageReference;
			repositoryURL = "https://github.com/jrendel/SwiftKeychainWrapper";
			requirement = {
				kind = upToNextMajorVersion;
				minimumVersion = 4.0.0;
			};
		};
		19C1E9922860F05F00E7976D /* XCRemoteSwiftPackageReference "PromiseKit" */ = {
			isa = XCRemoteSwiftPackageReference;
			repositoryURL = "https://github.com/mxcl/PromiseKit";
			requirement = {
				kind = upToNextMajorVersion;
				minimumVersion = 6.0.0;
			};
		};
/* End XCRemoteSwiftPackageReference section */

/* Begin XCSwiftPackageProductDependency section */
		1913F655286E1EC80033FAB3 /* RealmSwift */ = {
			isa = XCSwiftPackageProductDependency;
			package = 1913F654286E1EC80033FAB3 /* XCRemoteSwiftPackageReference "realm-swift" */;
			productName = RealmSwift;
		};
		1953DE7E2878BCB5000DC537 /* SwiftKeychainWrapper */ = {
			isa = XCSwiftPackageProductDependency;
			package = 1953DE7D2878BCB5000DC537 /* XCRemoteSwiftPackageReference "SwiftKeychainWrapper" */;
			productName = SwiftKeychainWrapper;
		};
		19C1E9932860F05F00E7976D /* PromiseKit */ = {
			isa = XCSwiftPackageProductDependency;
			package = 19C1E9922860F05F00E7976D /* XCRemoteSwiftPackageReference "PromiseKit" */;
			productName = PromiseKit;
		};
/* End XCSwiftPackageProductDependency section */
	};
	rootObject = 190C1D06285D15FF00FB3518 /* Project object */;
}
